// !$*UTF8*$!
{
	archiveVersion = 1;
	classes = {
	};
	objectVersion = 70;
	objects = {

/* Begin PBXBuildFile section */
		C3131F422EA7D16200F46CCA /* CustomTextFiled.swift in Sources */ = {isa = PBXBuildFile; fileRef = C3131F412EA7D16200F46CCA /* CustomTextFiled.swift */; };
		C3131F442EA7D19200F46CCA /* customButton.swift in Sources */ = {isa = PBXBuildFile; fileRef = C3131F432EA7D19200F46CCA /* customButton.swift */; };
		C3131F462EA7D1DA00F46CCA /* LoginScreen.swift in Sources */ = {isa = PBXBuildFile; fileRef = C3131F452EA7D1DA00F46CCA /* LoginScreen.swift */; };
		C315B9E72EA572AA001FDCD4 /* ShopAppTests.swift in Sources */ = {isa = PBXBuildFile; fileRef = C315B9E62EA572AA001FDCD4 /* ShopAppTests.swift */; };
		C315B9F12EA572AA001FDCD4 /* ShopAppUITests.swift in Sources */ = {isa = PBXBuildFile; fileRef = C315B9F02EA572AA001FDCD4 /* ShopAppUITests.swift */; };
		C315B9F32EA572AA001FDCD4 /* ShopAppUITestsLaunchTests.swift in Sources */ = {isa = PBXBuildFile; fileRef = C315B9F22EA572AA001FDCD4 /* ShopAppUITestsLaunchTests.swift */; };
		C315BA2C2EA573B5001FDCD4 /* Assets.xcassets in Resources */ = {isa = PBXBuildFile; fileRef = C315BA172EA573B4001FDCD4 /* Assets.xcassets */; };
		C315BA2D2EA573B5001FDCD4 /* ContentView.swift in Sources */ = {isa = PBXBuildFile; fileRef = C315BA182EA573B4001FDCD4 /* ContentView.swift */; };
		C315BA2E2EA573B5001FDCD4 /* ShopAppApp.swift in Sources */ = {isa = PBXBuildFile; fileRef = C315BA192EA573B4001FDCD4 /* ShopAppApp.swift */; };
		C335479F2EA81FA40076D72C /* LoginResponse.swift in Sources */ = {isa = PBXBuildFile; fileRef = C335479E2EA81FA40076D72C /* LoginResponse.swift */; };
		C33547A12EA820840076D72C /* ViewModel.swift in Sources */ = {isa = PBXBuildFile; fileRef = C33547A02EA820840076D72C /* ViewModel.swift */; };
		C33595E22EA7DBD600FBB43D /* Preview Assets.xcassets in Resources */ = {isa = PBXBuildFile; fileRef = C33595E02EA7DBD600FBB43D /* Preview Assets.xcassets */; };
		C33595E82EA7DD9B00FBB43D /* DynamicDI.swift in Sources */ = {isa = PBXBuildFile; fileRef = C33595E42EA7DD9B00FBB43D /* DynamicDI.swift */; };
		C33595E92EA7DD9B00FBB43D /* ManualDI.swift in Sources */ = {isa = PBXBuildFile; fileRef = C33595E52EA7DD9B00FBB43D /* ManualDI.swift */; };
		C33595ED2EA7DDAD00FBB43D /* FetchDataProtocol.swift in Sources */ = {isa = PBXBuildFile; fileRef = C33595EB2EA7DDAD00FBB43D /* FetchDataProtocol.swift */; };
		C33595F42EA7DDCB00FBB43D /* CustomNetworkImage.swift in Sources */ = {isa = PBXBuildFile; fileRef = C33595EF2EA7DDCB00FBB43D /* CustomNetworkImage.swift */; };
		C33595F62EA7DDCB00FBB43D /* StarRatingView.swift in Sources */ = {isa = PBXBuildFile; fileRef = C33595F12EA7DDCB00FBB43D /* StarRatingView.swift */; };
		C33595FF2EA7E00400FBB43D /* ApiUrls.swift in Sources */ = {isa = PBXBuildFile; fileRef = C33595F72EA7E00400FBB43D /* ApiUrls.swift */; };
		C33596002EA7E00400FBB43D /* AppConstant.swift in Sources */ = {isa = PBXBuildFile; fileRef = C33595F82EA7E00400FBB43D /* AppConstant.swift */; };
		C33596012EA7E00400FBB43D /* AppTextStyle.swift in Sources */ = {isa = PBXBuildFile; fileRef = C33595F92EA7E00400FBB43D /* AppTextStyle.swift */; };
		C33596022EA7E00400FBB43D /* CustomTextStyle.swift in Sources */ = {isa = PBXBuildFile; fileRef = C33595FA2EA7E00400FBB43D /* CustomTextStyle.swift */; };
		C33596032EA7E00400FBB43D /* Numeric.swift in Sources */ = {isa = PBXBuildFile; fileRef = C33595FB2EA7E00400FBB43D /* Numeric.swift */; };
		C33596042EA7E00400FBB43D /* HelperFuctions.swift in Sources */ = {isa = PBXBuildFile; fileRef = C33595FC2EA7E00400FBB43D /* HelperFuctions.swift */; };
		C33596052EA7E00400FBB43D /* LocationHelper.swift in Sources */ = {isa = PBXBuildFile; fileRef = C33595FD2EA7E00400FBB43D /* LocationHelper.swift */; };
		C33596092EA7E12500FBB43D /* Swinject in Frameworks */ = {isa = PBXBuildFile; productRef = C33596082EA7E12500FBB43D /* Swinject */; };
		C335960C2EA7E1C100FBB43D /* RemoteDataHelper.swift in Sources */ = {isa = PBXBuildFile; fileRef = C335960A2EA7E1C100FBB43D /* RemoteDataHelper.swift */; };
		C335960F2EA7E6CE00FBB43D /* color_extension.swift in Sources */ = {isa = PBXBuildFile; fileRef = C335960E2EA7E6CE00FBB43D /* color_extension.swift */; };
		C33596112EA7E70A00FBB43D /* AppColors.swift in Sources */ = {isa = PBXBuildFile; fileRef = C33596102EA7E70A00FBB43D /* AppColors.swift */; };
		C33596132EA7E79400FBB43D /* AppString.swift in Sources */ = {isa = PBXBuildFile; fileRef = C33596122EA7E79400FBB43D /* AppString.swift */; };
		C33596152EA7EF3800FBB43D /* RegisterScreen.swift in Sources */ = {isa = PBXBuildFile; fileRef = C33596142EA7EF3800FBB43D /* RegisterScreen.swift */; };
		C33596182EA7F1A700FBB43D /* RootView.swift in Sources */ = {isa = PBXBuildFile; fileRef = C33596172EA7F1A700FBB43D /* RootView.swift */; };
		C335961A2EA7F1F900FBB43D /* AppNavigator.swift in Sources */ = {isa = PBXBuildFile; fileRef = C33596192EA7F1F900FBB43D /* AppNavigator.swift */; };
/* End PBXBuildFile section */

/* Begin PBXContainerItemProxy section */
		C315B9E32EA572AA001FDCD4 /* PBXContainerItemProxy */ = {
			isa = PBXContainerItemProxy;
			containerPortal = C315B9CA2EA572A6001FDCD4 /* Project object */;
			proxyType = 1;
			remoteGlobalIDString = C315B9D12EA572A7001FDCD4;
			remoteInfo = ShopApp;
		};
		C315B9ED2EA572AA001FDCD4 /* PBXContainerItemProxy */ = {
			isa = PBXContainerItemProxy;
			containerPortal = C315B9CA2EA572A6001FDCD4 /* Project object */;
			proxyType = 1;
			remoteGlobalIDString = C315B9D12EA572A7001FDCD4;
			remoteInfo = ShopApp;
		};
/* End PBXContainerItemProxy section */

/* Begin PBXFileReference section */
		C3131F412EA7D16200F46CCA /* CustomTextFiled.swift */ = {isa = PBXFileReference; lastKnownFileType = sourcecode.swift; path = CustomTextFiled.swift; sourceTree = "<group>"; };
		C3131F432EA7D19200F46CCA /* customButton.swift */ = {isa = PBXFileReference; lastKnownFileType = sourcecode.swift; path = customButton.swift; sourceTree = "<group>"; };
		C3131F452EA7D1DA00F46CCA /* LoginScreen.swift */ = {isa = PBXFileReference; lastKnownFileType = sourcecode.swift; path = LoginScreen.swift; sourceTree = "<group>"; };
		C315B9D22EA572A7001FDCD4 /* ShopApp.app */ = {isa = PBXFileReference; explicitFileType = wrapper.application; includeInIndex = 0; path = ShopApp.app; sourceTree = BUILT_PRODUCTS_DIR; };
		C315B9E22EA572AA001FDCD4 /* ShopAppTests.xctest */ = {isa = PBXFileReference; explicitFileType = wrapper.cfbundle; includeInIndex = 0; path = ShopAppTests.xctest; sourceTree = BUILT_PRODUCTS_DIR; };
		C315B9E62EA572AA001FDCD4 /* ShopAppTests.swift */ = {isa = PBXFileReference; lastKnownFileType = sourcecode.swift; path = ShopAppTests.swift; sourceTree = "<group>"; };
		C315B9EC2EA572AA001FDCD4 /* ShopAppUITests.xctest */ = {isa = PBXFileReference; explicitFileType = wrapper.cfbundle; includeInIndex = 0; path = ShopAppUITests.xctest; sourceTree = BUILT_PRODUCTS_DIR; };
		C315B9F02EA572AA001FDCD4 /* ShopAppUITests.swift */ = {isa = PBXFileReference; lastKnownFileType = sourcecode.swift; path = ShopAppUITests.swift; sourceTree = "<group>"; };
		C315B9F22EA572AA001FDCD4 /* ShopAppUITestsLaunchTests.swift */ = {isa = PBXFileReference; lastKnownFileType = sourcecode.swift; path = ShopAppUITestsLaunchTests.swift; sourceTree = "<group>"; };
		C315BA172EA573B4001FDCD4 /* Assets.xcassets */ = {isa = PBXFileReference; lastKnownFileType = folder.assetcatalog; path = Assets.xcassets; sourceTree = "<group>"; };
		C315BA182EA573B4001FDCD4 /* ContentView.swift */ = {isa = PBXFileReference; fileEncoding = 4; lastKnownFileType = sourcecode.swift; path = ContentView.swift; sourceTree = "<group>"; };
		C315BA192EA573B4001FDCD4 /* ShopAppApp.swift */ = {isa = PBXFileReference; fileEncoding = 4; lastKnownFileType = sourcecode.swift; path = ShopAppApp.swift; sourceTree = "<group>"; };
		C335479E2EA81FA40076D72C /* LoginResponse.swift */ = {isa = PBXFileReference; lastKnownFileType = sourcecode.swift; path = LoginResponse.swift; sourceTree = "<group>"; };
		C33547A02EA820840076D72C /* ViewModel.swift */ = {isa = PBXFileReference; lastKnownFileType = sourcecode.swift; path = ViewModel.swift; sourceTree = "<group>"; };
		C33595E02EA7DBD600FBB43D /* Preview Assets.xcassets */ = {isa = PBXFileReference; lastKnownFileType = folder.assetcatalog; path = "Preview Assets.xcassets"; sourceTree = "<group>"; };
		C33595E42EA7DD9B00FBB43D /* DynamicDI.swift */ = {isa = PBXFileReference; fileEncoding = 4; lastKnownFileType = sourcecode.swift; path = DynamicDI.swift; sourceTree = "<group>"; };
		C33595E52EA7DD9B00FBB43D /* ManualDI.swift */ = {isa = PBXFileReference; fileEncoding = 4; lastKnownFileType = sourcecode.swift; path = ManualDI.swift; sourceTree = "<group>"; };
		C33595EB2EA7DDAD00FBB43D /* FetchDataProtocol.swift */ = {isa = PBXFileReference; fileEncoding = 4; lastKnownFileType = sourcecode.swift; path = FetchDataProtocol.swift; sourceTree = "<group>"; };
		C33595EF2EA7DDCB00FBB43D /* CustomNetworkImage.swift */ = {isa = PBXFileReference; fileEncoding = 4; lastKnownFileType = sourcecode.swift; path = CustomNetworkImage.swift; sourceTree = "<group>"; };
		C33595F12EA7DDCB00FBB43D /* StarRatingView.swift */ = {isa = PBXFileReference; fileEncoding = 4; lastKnownFileType = sourcecode.swift; path = StarRatingView.swift; sourceTree = "<group>"; };
		C33595F72EA7E00400FBB43D /* ApiUrls.swift */ = {isa = PBXFileReference; fileEncoding = 4; lastKnownFileType = sourcecode.swift; path = ApiUrls.swift; sourceTree = "<group>"; };
		C33595F82EA7E00400FBB43D /* AppConstant.swift */ = {isa = PBXFileReference; fileEncoding = 4; lastKnownFileType = sourcecode.swift; path = AppConstant.swift; sourceTree = "<group>"; };
		C33595F92EA7E00400FBB43D /* AppTextStyle.swift */ = {isa = PBXFileReference; fileEncoding = 4; lastKnownFileType = sourcecode.swift; path = AppTextStyle.swift; sourceTree = "<group>"; };
		C33595FA2EA7E00400FBB43D /* CustomTextStyle.swift */ = {isa = PBXFileReference; fileEncoding = 4; lastKnownFileType = sourcecode.swift; path = CustomTextStyle.swift; sourceTree = "<group>"; };
		C33595FB2EA7E00400FBB43D /* Numeric.swift */ = {isa = PBXFileReference; fileEncoding = 4; lastKnownFileType = sourcecode.swift; path = Numeric.swift; sourceTree = "<group>"; };
		C33595FC2EA7E00400FBB43D /* HelperFuctions.swift */ = {isa = PBXFileReference; fileEncoding = 4; lastKnownFileType = sourcecode.swift; path = HelperFuctions.swift; sourceTree = "<group>"; };
		C33595FD2EA7E00400FBB43D /* LocationHelper.swift */ = {isa = PBXFileReference; fileEncoding = 4; lastKnownFileType = sourcecode.swift; path = LocationHelper.swift; sourceTree = "<group>"; };
		C335960A2EA7E1C100FBB43D /* RemoteDataHelper.swift */ = {isa = PBXFileReference; fileEncoding = 4; lastKnownFileType = sourcecode.swift; path = RemoteDataHelper.swift; sourceTree = "<group>"; };
		C335960E2EA7E6CE00FBB43D /* color_extension.swift */ = {isa = PBXFileReference; lastKnownFileType = sourcecode.swift; path = color_extension.swift; sourceTree = "<group>"; };
		C33596102EA7E70A00FBB43D /* AppColors.swift */ = {isa = PBXFileReference; lastKnownFileType = sourcecode.swift; path = AppColors.swift; sourceTree = "<group>"; };
		C33596122EA7E79400FBB43D /* AppString.swift */ = {isa = PBXFileReference; lastKnownFileType = sourcecode.swift; path = AppString.swift; sourceTree = "<group>"; };
		C33596142EA7EF3800FBB43D /* RegisterScreen.swift */ = {isa = PBXFileReference; lastKnownFileType = sourcecode.swift; path = RegisterScreen.swift; sourceTree = "<group>"; };
		C33596172EA7F1A700FBB43D /* RootView.swift */ = {isa = PBXFileReference; lastKnownFileType = sourcecode.swift; path = RootView.swift; sourceTree = "<group>"; };
		C33596192EA7F1F900FBB43D /* AppNavigator.swift */ = {isa = PBXFileReference; lastKnownFileType = sourcecode.swift; path = AppNavigator.swift; sourceTree = "<group>"; };
/* End PBXFileReference section */

/* Begin PBXFileSystemSynchronizedRootGroup section */
		1087095A2EA7FFC800C15F2D /* AdsAndCoupons */ = {isa = PBXFileSystemSynchronizedRootGroup; explicitFileTypes = {}; explicitFolders = (); path = AdsAndCoupons; sourceTree = "<group>"; };
/* End PBXFileSystemSynchronizedRootGroup section */

/* Begin PBXFrameworksBuildPhase section */
		C315B9CF2EA572A7001FDCD4 /* Frameworks */ = {
			isa = PBXFrameworksBuildPhase;
			buildActionMask = 2147483647;
			files = (
				C33596092EA7E12500FBB43D /* Swinject in Frameworks */,
			);
			runOnlyForDeploymentPostprocessing = 0;
		};
		C315B9DF2EA572AA001FDCD4 /* Frameworks */ = {
			isa = PBXFrameworksBuildPhase;
			buildActionMask = 2147483647;
			files = (
			);
			runOnlyForDeploymentPostprocessing = 0;
		};
		C315B9E92EA572AA001FDCD4 /* Frameworks */ = {
			isa = PBXFrameworksBuildPhase;
			buildActionMask = 2147483647;
			files = (
			);
			runOnlyForDeploymentPostprocessing = 0;
		};
/* End PBXFrameworksBuildPhase section */

/* Begin PBXGroup section */
		C3131F3F2EA7CFC500F46CCA /* Features */ = {
			isa = PBXGroup;
			children = (
				1087095A2EA7FFC800C15F2D /* AdsAndCoupons */,
				C3131F402EA7CFD400F46CCA /* Auth */,
			);
			path = Features;
			sourceTree = "<group>";
		};
		C3131F402EA7CFD400F46CCA /* Auth */ = {
			isa = PBXGroup;
			children = (
				C335479D2EA81BD10076D72C /* ViewModel */,
				C335479C2EA81BC80076D72C /* Model */,
				C335961B2EA7F9BF00FBB43D /* View */,
			);
			path = Auth;
			sourceTree = "<group>";
		};
		C315B9C92EA572A6001FDCD4 = {
			isa = PBXGroup;
			children = (
				C315BA1A2EA573B4001FDCD4 /* ShopApp */,
				C315B9E52EA572AA001FDCD4 /* ShopAppTests */,
				C315B9EF2EA572AA001FDCD4 /* ShopAppUITests */,
				C315B9D32EA572A7001FDCD4 /* Products */,
				C33596072EA7E12500FBB43D /* Frameworks */,
			);
			sourceTree = "<group>";
		};
		C315B9D32EA572A7001FDCD4 /* Products */ = {
			isa = PBXGroup;
			children = (
				C315B9D22EA572A7001FDCD4 /* ShopApp.app */,
				C315B9E22EA572AA001FDCD4 /* ShopAppTests.xctest */,
				C315B9EC2EA572AA001FDCD4 /* ShopAppUITests.xctest */,
			);
			name = Products;
			sourceTree = "<group>";
		};
		C315B9E52EA572AA001FDCD4 /* ShopAppTests */ = {
			isa = PBXGroup;
			children = (
				C315B9E62EA572AA001FDCD4 /* ShopAppTests.swift */,
			);
			path = ShopAppTests;
			sourceTree = "<group>";
		};
		C315B9EF2EA572AA001FDCD4 /* ShopAppUITests */ = {
			isa = PBXGroup;
			children = (
				C315B9F02EA572AA001FDCD4 /* ShopAppUITests.swift */,
				C315B9F22EA572AA001FDCD4 /* ShopAppUITestsLaunchTests.swift */,
			);
			path = ShopAppUITests;
			sourceTree = "<group>";
		};
		C315BA1A2EA573B4001FDCD4 /* ShopApp */ = {
			isa = PBXGroup;
			children = (
				C315BA442EA573D1001FDCD4 /* core */,
				C33595E12EA7DBD600FBB43D /* Preview Content */,
				C3131F3F2EA7CFC500F46CCA /* Features */,
				C315BA172EA573B4001FDCD4 /* Assets.xcassets */,
				C315BA182EA573B4001FDCD4 /* ContentView.swift */,
				C315BA192EA573B4001FDCD4 /* ShopAppApp.swift */,
			);
			path = ShopApp;
			sourceTree = "<group>";
		};
		C315BA342EA573D1001FDCD4 /* components */ = {
			isa = PBXGroup;
			children = (
				C33595EF2EA7DDCB00FBB43D /* CustomNetworkImage.swift */,
				C33595F12EA7DDCB00FBB43D /* StarRatingView.swift */,
				C3131F412EA7D16200F46CCA /* CustomTextFiled.swift */,
				C3131F432EA7D19200F46CCA /* customButton.swift */,
			);
			path = components;
			sourceTree = "<group>";
		};
		C315BA432EA573D1001FDCD4 /* utilits */ = {
			isa = PBXGroup;
			children = (
				C33595F72EA7E00400FBB43D /* ApiUrls.swift */,
				C33595F82EA7E00400FBB43D /* AppConstant.swift */,
				C33595F92EA7E00400FBB43D /* AppTextStyle.swift */,
				C33595FA2EA7E00400FBB43D /* CustomTextStyle.swift */,
				C33595FC2EA7E00400FBB43D /* HelperFuctions.swift */,
				C33595FD2EA7E00400FBB43D /* LocationHelper.swift */,
				C33596102EA7E70A00FBB43D /* AppColors.swift */,
				C33596122EA7E79400FBB43D /* AppString.swift */,
			);
			path = utilits;
			sourceTree = "<group>";
		};
		C315BA442EA573D1001FDCD4 /* core */ = {
			isa = PBXGroup;
			children = (
				C33596162EA7F19200FBB43D /* app_navigator */,
				C335960D2EA7E6AC00FBB43D /* extension */,
				C335960B2EA7E1C100FBB43D /* data */,
				C33595EC2EA7DDAD00FBB43D /* contract */,
				C33595E72EA7DD9B00FBB43D /* Di */,
				C315BA342EA573D1001FDCD4 /* components */,
				C315BA432EA573D1001FDCD4 /* utilits */,
			);
			path = core;
			sourceTree = "<group>";
		};
		C335479C2EA81BC80076D72C /* Model */ = {
			isa = PBXGroup;
			children = (
				C335479E2EA81FA40076D72C /* LoginResponse.swift */,
			);
			path = Model;
			sourceTree = "<group>";
		};
		C335479D2EA81BD10076D72C /* ViewModel */ = {
			isa = PBXGroup;
			children = (
				C33547A02EA820840076D72C /* ViewModel.swift */,
			);
			path = ViewModel;
			sourceTree = "<group>";
		};
		C33595E12EA7DBD600FBB43D /* Preview Content */ = {
			isa = PBXGroup;
			children = (
				C33595E02EA7DBD600FBB43D /* Preview Assets.xcassets */,
			);
			path = "Preview Content";
			sourceTree = "<group>";
		};
		C33595E72EA7DD9B00FBB43D /* Di */ = {
			isa = PBXGroup;
			children = (
				C33595E42EA7DD9B00FBB43D /* DynamicDI.swift */,
				C33595E52EA7DD9B00FBB43D /* ManualDI.swift */,
			);
			path = Di;
			sourceTree = "<group>";
		};
		C33595EC2EA7DDAD00FBB43D /* contract */ = {
			isa = PBXGroup;
			children = (
				C33595EB2EA7DDAD00FBB43D /* FetchDataProtocol.swift */,
			);
			path = contract;
			sourceTree = "<group>";
		};
		C33596072EA7E12500FBB43D /* Frameworks */ = {
			isa = PBXGroup;
			children = (
			);
			name = Frameworks;
			sourceTree = "<group>";
		};
		C335960B2EA7E1C100FBB43D /* data */ = {
			isa = PBXGroup;
			children = (
				C335960A2EA7E1C100FBB43D /* RemoteDataHelper.swift */,
			);
			path = data;
			sourceTree = "<group>";
		};
		C335960D2EA7E6AC00FBB43D /* extension */ = {
			isa = PBXGroup;
			children = (
				C33595FB2EA7E00400FBB43D /* Numeric.swift */,
				C335960E2EA7E6CE00FBB43D /* color_extension.swift */,
			);
			path = extension;
			sourceTree = "<group>";
		};
		C33596162EA7F19200FBB43D /* app_navigator */ = {
			isa = PBXGroup;
			children = (
				C33596172EA7F1A700FBB43D /* RootView.swift */,
				C33596192EA7F1F900FBB43D /* AppNavigator.swift */,
			);
			path = app_navigator;
			sourceTree = "<group>";
		};
		C335961B2EA7F9BF00FBB43D /* View */ = {
			isa = PBXGroup;
			children = (
				C3131F452EA7D1DA00F46CCA /* LoginScreen.swift */,
				C33596142EA7EF3800FBB43D /* RegisterScreen.swift */,
			);
			path = View;
			sourceTree = "<group>";
		};
/* End PBXGroup section */

/* Begin PBXNativeTarget section */
		C315B9D12EA572A7001FDCD4 /* ShopApp */ = {
			isa = PBXNativeTarget;
			buildConfigurationList = C315B9F62EA572AA001FDCD4 /* Build configuration list for PBXNativeTarget "ShopApp" */;
			buildPhases = (
				C315B9CE2EA572A7001FDCD4 /* Sources */,
				C315B9CF2EA572A7001FDCD4 /* Frameworks */,
				C315B9D02EA572A7001FDCD4 /* Resources */,
			);
			buildRules = (
			);
			dependencies = (
			);
			fileSystemSynchronizedGroups = (
				1087095A2EA7FFC800C15F2D /* AdsAndCoupons */,
			);
			name = ShopApp;
			packageProductDependencies = (
				C33596082EA7E12500FBB43D /* Swinject */,
			);
			productName = ShopApp;
			productReference = C315B9D22EA572A7001FDCD4 /* ShopApp.app */;
			productType = "com.apple.product-type.application";
		};
		C315B9E12EA572AA001FDCD4 /* ShopAppTests */ = {
			isa = PBXNativeTarget;
			buildConfigurationList = C315B9F92EA572AA001FDCD4 /* Build configuration list for PBXNativeTarget "ShopAppTests" */;
			buildPhases = (
				C315B9DE2EA572AA001FDCD4 /* Sources */,
				C315B9DF2EA572AA001FDCD4 /* Frameworks */,
				C315B9E02EA572AA001FDCD4 /* Resources */,
			);
			buildRules = (
			);
			dependencies = (
				C315B9E42EA572AA001FDCD4 /* PBXTargetDependency */,
			);
			name = ShopAppTests;
			productName = ShopAppTests;
			productReference = C315B9E22EA572AA001FDCD4 /* ShopAppTests.xctest */;
			productType = "com.apple.product-type.bundle.unit-test";
		};
		C315B9EB2EA572AA001FDCD4 /* ShopAppUITests */ = {
			isa = PBXNativeTarget;
			buildConfigurationList = C315B9FC2EA572AA001FDCD4 /* Build configuration list for PBXNativeTarget "ShopAppUITests" */;
			buildPhases = (
				C315B9E82EA572AA001FDCD4 /* Sources */,
				C315B9E92EA572AA001FDCD4 /* Frameworks */,
				C315B9EA2EA572AA001FDCD4 /* Resources */,
			);
			buildRules = (
			);
			dependencies = (
				C315B9EE2EA572AA001FDCD4 /* PBXTargetDependency */,
			);
			name = ShopAppUITests;
			productName = ShopAppUITests;
			productReference = C315B9EC2EA572AA001FDCD4 /* ShopAppUITests.xctest */;
			productType = "com.apple.product-type.bundle.ui-testing";
		};
/* End PBXNativeTarget section */

/* Begin PBXProject section */
		C315B9CA2EA572A6001FDCD4 /* Project object */ = {
			isa = PBXProject;
			attributes = {
				BuildIndependentTargetsInParallel = 1;
				LastSwiftUpdateCheck = 1540;
				LastUpgradeCheck = 1540;
				TargetAttributes = {
					C315B9D12EA572A7001FDCD4 = {
						CreatedOnToolsVersion = 15.4;
					};
					C315B9E12EA572AA001FDCD4 = {
						CreatedOnToolsVersion = 15.4;
						TestTargetID = C315B9D12EA572A7001FDCD4;
					};
					C315B9EB2EA572AA001FDCD4 = {
						CreatedOnToolsVersion = 15.4;
						TestTargetID = C315B9D12EA572A7001FDCD4;
					};
				};
			};
			buildConfigurationList = C315B9CD2EA572A6001FDCD4 /* Build configuration list for PBXProject "ShopApp" */;
			compatibilityVersion = "Xcode 14.0";
			developmentRegion = en;
			hasScannedForEncodings = 0;
			knownRegions = (
				en,
				Base,
			);
			mainGroup = C315B9C92EA572A6001FDCD4;
			packageReferences = (
				C33596062EA7E0BA00FBB43D /* XCRemoteSwiftPackageReference "Swinject" */,
			);
			productRefGroup = C315B9D32EA572A7001FDCD4 /* Products */;
			projectDirPath = "";
			projectRoot = "";
			targets = (
				C315B9D12EA572A7001FDCD4 /* ShopApp */,
				C315B9E12EA572AA001FDCD4 /* ShopAppTests */,
				C315B9EB2EA572AA001FDCD4 /* ShopAppUITests */,
			);
		};
/* End PBXProject section */

/* Begin PBXResourcesBuildPhase section */
		C315B9D02EA572A7001FDCD4 /* Resources */ = {
			isa = PBXResourcesBuildPhase;
			buildActionMask = 2147483647;
			files = (
				C33595E22EA7DBD600FBB43D /* Preview Assets.xcassets in Resources */,
				C315BA2C2EA573B5001FDCD4 /* Assets.xcassets in Resources */,
			);
			runOnlyForDeploymentPostprocessing = 0;
		};
		C315B9E02EA572AA001FDCD4 /* Resources */ = {
			isa = PBXResourcesBuildPhase;
			buildActionMask = 2147483647;
			files = (
			);
			runOnlyForDeploymentPostprocessing = 0;
		};
		C315B9EA2EA572AA001FDCD4 /* Resources */ = {
			isa = PBXResourcesBuildPhase;
			buildActionMask = 2147483647;
			files = (
			);
			runOnlyForDeploymentPostprocessing = 0;
		};
/* End PBXResourcesBuildPhase section */

/* Begin PBXSourcesBuildPhase section */
		C315B9CE2EA572A7001FDCD4 /* Sources */ = {
			isa = PBXSourcesBuildPhase;
			buildActionMask = 2147483647;
			files = (
				C315BA2E2EA573B5001FDCD4 /* ShopAppApp.swift in Sources */,
				C3131F442EA7D19200F46CCA /* customButton.swift in Sources */,
				C335960F2EA7E6CE00FBB43D /* color_extension.swift in Sources */,
				C3131F462EA7D1DA00F46CCA /* LoginScreen.swift in Sources */,
				C33596022EA7E00400FBB43D /* CustomTextStyle.swift in Sources */,
				C33596002EA7E00400FBB43D /* AppConstant.swift in Sources */,
				C33547A12EA820840076D72C /* ViewModel.swift in Sources */,
				C33596182EA7F1A700FBB43D /* RootView.swift in Sources */,
				C33596032EA7E00400FBB43D /* Numeric.swift in Sources */,
				C33595E92EA7DD9B00FBB43D /* ManualDI.swift in Sources */,
				C33596052EA7E00400FBB43D /* LocationHelper.swift in Sources */,
				C33595F62EA7DDCB00FBB43D /* StarRatingView.swift in Sources */,
				C315BA2D2EA573B5001FDCD4 /* ContentView.swift in Sources */,
				C33595FF2EA7E00400FBB43D /* ApiUrls.swift in Sources */,
				C33596042EA7E00400FBB43D /* HelperFuctions.swift in Sources */,
				C335479F2EA81FA40076D72C /* LoginResponse.swift in Sources */,
				C33596112EA7E70A00FBB43D /* AppColors.swift in Sources */,
				C33596132EA7E79400FBB43D /* AppString.swift in Sources */,
				C33595F42EA7DDCB00FBB43D /* CustomNetworkImage.swift in Sources */,
				C335961A2EA7F1F900FBB43D /* AppNavigator.swift in Sources */,
				C33595E82EA7DD9B00FBB43D /* DynamicDI.swift in Sources */,
				C33595ED2EA7DDAD00FBB43D /* FetchDataProtocol.swift in Sources */,
				C33596152EA7EF3800FBB43D /* RegisterScreen.swift in Sources */,
				C335960C2EA7E1C100FBB43D /* RemoteDataHelper.swift in Sources */,
				C3131F422EA7D16200F46CCA /* CustomTextFiled.swift in Sources */,
				C33596012EA7E00400FBB43D /* AppTextStyle.swift in Sources */,
			);
			runOnlyForDeploymentPostprocessing = 0;
		};
		C315B9DE2EA572AA001FDCD4 /* Sources */ = {
			isa = PBXSourcesBuildPhase;
			buildActionMask = 2147483647;
			files = (
				C315B9E72EA572AA001FDCD4 /* ShopAppTests.swift in Sources */,
			);
			runOnlyForDeploymentPostprocessing = 0;
		};
		C315B9E82EA572AA001FDCD4 /* Sources */ = {
			isa = PBXSourcesBuildPhase;
			buildActionMask = 2147483647;
			files = (
				C315B9F32EA572AA001FDCD4 /* ShopAppUITestsLaunchTests.swift in Sources */,
				C315B9F12EA572AA001FDCD4 /* ShopAppUITests.swift in Sources */,
			);
			runOnlyForDeploymentPostprocessing = 0;
		};
/* End PBXSourcesBuildPhase section */

/* Begin PBXTargetDependency section */
		C315B9E42EA572AA001FDCD4 /* PBXTargetDependency */ = {
			isa = PBXTargetDependency;
			target = C315B9D12EA572A7001FDCD4 /* ShopApp */;
			targetProxy = C315B9E32EA572AA001FDCD4 /* PBXContainerItemProxy */;
		};
		C315B9EE2EA572AA001FDCD4 /* PBXTargetDependency */ = {
			isa = PBXTargetDependency;
			target = C315B9D12EA572A7001FDCD4 /* ShopApp */;
			targetProxy = C315B9ED2EA572AA001FDCD4 /* PBXContainerItemProxy */;
		};
/* End PBXTargetDependency section */

/* Begin XCBuildConfiguration section */
		C315B9F42EA572AA001FDCD4 /* Debug */ = {
			isa = XCBuildConfiguration;
			buildSettings = {
				ALWAYS_SEARCH_USER_PATHS = NO;
				ASSETCATALOG_COMPILER_GENERATE_SWIFT_ASSET_SYMBOL_EXTENSIONS = YES;
				CLANG_ANALYZER_NONNULL = YES;
				CLANG_ANALYZER_NUMBER_OBJECT_CONVERSION = YES_AGGRESSIVE;
				CLANG_CXX_LANGUAGE_STANDARD = "gnu++20";
				CLANG_ENABLE_MODULES = YES;
				CLANG_ENABLE_OBJC_ARC = YES;
				CLANG_ENABLE_OBJC_WEAK = YES;
				CLANG_WARN_BLOCK_CAPTURE_AUTORELEASING = YES;
				CLANG_WARN_BOOL_CONVERSION = YES;
				CLANG_WARN_COMMA = YES;
				CLANG_WARN_CONSTANT_CONVERSION = YES;
				CLANG_WARN_DEPRECATED_OBJC_IMPLEMENTATIONS = YES;
				CLANG_WARN_DIRECT_OBJC_ISA_USAGE = YES_ERROR;
				CLANG_WARN_DOCUMENTATION_COMMENTS = YES;
				CLANG_WARN_EMPTY_BODY = YES;
				CLANG_WARN_ENUM_CONVERSION = YES;
				CLANG_WARN_INFINITE_RECURSION = YES;
				CLANG_WARN_INT_CONVERSION = YES;
				CLANG_WARN_NON_LITERAL_NULL_CONVERSION = YES;
				CLANG_WARN_OBJC_IMPLICIT_RETAIN_SELF = YES;
				CLANG_WARN_OBJC_LITERAL_CONVERSION = YES;
				CLANG_WARN_OBJC_ROOT_CLASS = YES_ERROR;
				CLANG_WARN_QUOTED_INCLUDE_IN_FRAMEWORK_HEADER = YES;
				CLANG_WARN_RANGE_LOOP_ANALYSIS = YES;
				CLANG_WARN_STRICT_PROTOTYPES = YES;
				CLANG_WARN_SUSPICIOUS_MOVE = YES;
				CLANG_WARN_UNGUARDED_AVAILABILITY = YES_AGGRESSIVE;
				CLANG_WARN_UNREACHABLE_CODE = YES;
				CLANG_WARN__DUPLICATE_METHOD_MATCH = YES;
				COPY_PHASE_STRIP = NO;
				DEBUG_INFORMATION_FORMAT = dwarf;
				ENABLE_STRICT_OBJC_MSGSEND = YES;
				ENABLE_TESTABILITY = YES;
				ENABLE_USER_SCRIPT_SANDBOXING = YES;
				GCC_C_LANGUAGE_STANDARD = gnu17;
				GCC_DYNAMIC_NO_PIC = NO;
				GCC_NO_COMMON_BLOCKS = YES;
				GCC_OPTIMIZATION_LEVEL = 0;
				GCC_PREPROCESSOR_DEFINITIONS = (
					"DEBUG=1",
					"$(inherited)",
				);
				GCC_WARN_64_TO_32_BIT_CONVERSION = YES;
				GCC_WARN_ABOUT_RETURN_TYPE = YES_ERROR;
				GCC_WARN_UNDECLARED_SELECTOR = YES;
				GCC_WARN_UNINITIALIZED_AUTOS = YES_AGGRESSIVE;
				GCC_WARN_UNUSED_FUNCTION = YES;
				GCC_WARN_UNUSED_VARIABLE = YES;
				IPHONEOS_DEPLOYMENT_TARGET = 17.5;
				LOCALIZATION_PREFERS_STRING_CATALOGS = YES;
				MTL_ENABLE_DEBUG_INFO = INCLUDE_SOURCE;
				MTL_FAST_MATH = YES;
				ONLY_ACTIVE_ARCH = YES;
				SDKROOT = iphoneos;
				SWIFT_ACTIVE_COMPILATION_CONDITIONS = "DEBUG $(inherited)";
				SWIFT_OPTIMIZATION_LEVEL = "-Onone";
			};
			name = Debug;
		};
		C315B9F52EA572AA001FDCD4 /* Release */ = {
			isa = XCBuildConfiguration;
			buildSettings = {
				ALWAYS_SEARCH_USER_PATHS = NO;
				ASSETCATALOG_COMPILER_GENERATE_SWIFT_ASSET_SYMBOL_EXTENSIONS = YES;
				CLANG_ANALYZER_NONNULL = YES;
				CLANG_ANALYZER_NUMBER_OBJECT_CONVERSION = YES_AGGRESSIVE;
				CLANG_CXX_LANGUAGE_STANDARD = "gnu++20";
				CLANG_ENABLE_MODULES = YES;
				CLANG_ENABLE_OBJC_ARC = YES;
				CLANG_ENABLE_OBJC_WEAK = YES;
				CLANG_WARN_BLOCK_CAPTURE_AUTORELEASING = YES;
				CLANG_WARN_BOOL_CONVERSION = YES;
				CLANG_WARN_COMMA = YES;
				CLANG_WARN_CONSTANT_CONVERSION = YES;
				CLANG_WARN_DEPRECATED_OBJC_IMPLEMENTATIONS = YES;
				CLANG_WARN_DIRECT_OBJC_ISA_USAGE = YES_ERROR;
				CLANG_WARN_DOCUMENTATION_COMMENTS = YES;
				CLANG_WARN_EMPTY_BODY = YES;
				CLANG_WARN_ENUM_CONVERSION = YES;
				CLANG_WARN_INFINITE_RECURSION = YES;
				CLANG_WARN_INT_CONVERSION = YES;
				CLANG_WARN_NON_LITERAL_NULL_CONVERSION = YES;
				CLANG_WARN_OBJC_IMPLICIT_RETAIN_SELF = YES;
				CLANG_WARN_OBJC_LITERAL_CONVERSION = YES;
				CLANG_WARN_OBJC_ROOT_CLASS = YES_ERROR;
				CLANG_WARN_QUOTED_INCLUDE_IN_FRAMEWORK_HEADER = YES;
				CLANG_WARN_RANGE_LOOP_ANALYSIS = YES;
				CLANG_WARN_STRICT_PROTOTYPES = YES;
				CLANG_WARN_SUSPICIOUS_MOVE = YES;
				CLANG_WARN_UNGUARDED_AVAILABILITY = YES_AGGRESSIVE;
				CLANG_WARN_UNREACHABLE_CODE = YES;
				CLANG_WARN__DUPLICATE_METHOD_MATCH = YES;
				COPY_PHASE_STRIP = NO;
				DEBUG_INFORMATION_FORMAT = "dwarf-with-dsym";
				ENABLE_NS_ASSERTIONS = NO;
				ENABLE_STRICT_OBJC_MSGSEND = YES;
				ENABLE_USER_SCRIPT_SANDBOXING = YES;
				GCC_C_LANGUAGE_STANDARD = gnu17;
				GCC_NO_COMMON_BLOCKS = YES;
				GCC_WARN_64_TO_32_BIT_CONVERSION = YES;
				GCC_WARN_ABOUT_RETURN_TYPE = YES_ERROR;
				GCC_WARN_UNDECLARED_SELECTOR = YES;
				GCC_WARN_UNINITIALIZED_AUTOS = YES_AGGRESSIVE;
				GCC_WARN_UNUSED_FUNCTION = YES;
				GCC_WARN_UNUSED_VARIABLE = YES;
				IPHONEOS_DEPLOYMENT_TARGET = 17.5;
				LOCALIZATION_PREFERS_STRING_CATALOGS = YES;
				MTL_ENABLE_DEBUG_INFO = NO;
				MTL_FAST_MATH = YES;
				SDKROOT = iphoneos;
				SWIFT_COMPILATION_MODE = wholemodule;
				VALIDATE_PRODUCT = YES;
			};
			name = Release;
		};
		C315B9F72EA572AA001FDCD4 /* Debug */ = {
			isa = XCBuildConfiguration;
			buildSettings = {
				ASSETCATALOG_COMPILER_APPICON_NAME = AppIcon;
				ASSETCATALOG_COMPILER_GLOBAL_ACCENT_COLOR_NAME = AccentColor;
				CODE_SIGN_STYLE = Automatic;
				CURRENT_PROJECT_VERSION = 1;
				DEVELOPMENT_ASSET_PATHS = "\"ShopApp/Preview Content\"";
				ENABLE_PREVIEWS = YES;
				GENERATE_INFOPLIST_FILE = YES;
				INFOPLIST_KEY_UIApplicationSceneManifest_Generation = YES;
				INFOPLIST_KEY_UIApplicationSupportsIndirectInputEvents = YES;
				INFOPLIST_KEY_UILaunchScreen_Generation = YES;
				INFOPLIST_KEY_UISupportedInterfaceOrientations_iPad = "UIInterfaceOrientationPortrait UIInterfaceOrientationPortraitUpsideDown UIInterfaceOrientationLandscapeLeft UIInterfaceOrientationLandscapeRight";
				INFOPLIST_KEY_UISupportedInterfaceOrientations_iPhone = "UIInterfaceOrientationPortrait UIInterfaceOrientationLandscapeLeft UIInterfaceOrientationLandscapeRight";
				LD_RUNPATH_SEARCH_PATHS = (
					"$(inherited)",
					"@executable_path/Frameworks",
				);
				MARKETING_VERSION = 1.0;
				PRODUCT_BUNDLE_IDENTIFIER = iti.com.ShopApp;
				PRODUCT_NAME = "$(TARGET_NAME)";
				SWIFT_EMIT_LOC_STRINGS = YES;
				SWIFT_VERSION = 5.0;
				TARGETED_DEVICE_FAMILY = "1,2";
			};
			name = Debug;
		};
		C315B9F82EA572AA001FDCD4 /* Release */ = {
			isa = XCBuildConfiguration;
			buildSettings = {
				ASSETCATALOG_COMPILER_APPICON_NAME = AppIcon;
				ASSETCATALOG_COMPILER_GLOBAL_ACCENT_COLOR_NAME = AccentColor;
				CODE_SIGN_STYLE = Automatic;
				CURRENT_PROJECT_VERSION = 1;
				DEVELOPMENT_ASSET_PATHS = "\"ShopApp/Preview Content\"";
				ENABLE_PREVIEWS = YES;
				GENERATE_INFOPLIST_FILE = YES;
				INFOPLIST_KEY_UIApplicationSceneManifest_Generation = YES;
				INFOPLIST_KEY_UIApplicationSupportsIndirectInputEvents = YES;
				INFOPLIST_KEY_UILaunchScreen_Generation = YES;
				INFOPLIST_KEY_UISupportedInterfaceOrientations_iPad = "UIInterfaceOrientationPortrait UIInterfaceOrientationPortraitUpsideDown UIInterfaceOrientationLandscapeLeft UIInterfaceOrientationLandscapeRight";
				INFOPLIST_KEY_UISupportedInterfaceOrientations_iPhone = "UIInterfaceOrientationPortrait UIInterfaceOrientationLandscapeLeft UIInterfaceOrientationLandscapeRight";
				LD_RUNPATH_SEARCH_PATHS = (
					"$(inherited)",
					"@executable_path/Frameworks",
				);
				MARKETING_VERSION = 1.0;
				PRODUCT_BUNDLE_IDENTIFIER = iti.com.ShopApp;
				PRODUCT_NAME = "$(TARGET_NAME)";
				SWIFT_EMIT_LOC_STRINGS = YES;
				SWIFT_VERSION = 5.0;
				TARGETED_DEVICE_FAMILY = "1,2";
			};
			name = Release;
		};
		C315B9FA2EA572AA001FDCD4 /* Debug */ = {
			isa = XCBuildConfiguration;
			buildSettings = {
				ALWAYS_EMBED_SWIFT_STANDARD_LIBRARIES = YES;
				BUNDLE_LOADER = "$(TEST_HOST)";
				CODE_SIGN_STYLE = Automatic;
				CURRENT_PROJECT_VERSION = 1;
				GENERATE_INFOPLIST_FILE = YES;
				IPHONEOS_DEPLOYMENT_TARGET = 17.5;
				MARKETING_VERSION = 1.0;
				PRODUCT_BUNDLE_IDENTIFIER = iti.com.ShopAppTests;
				PRODUCT_NAME = "$(TARGET_NAME)";
				SWIFT_EMIT_LOC_STRINGS = NO;
				SWIFT_VERSION = 5.0;
				TARGETED_DEVICE_FAMILY = "1,2";
				TEST_HOST = "$(BUILT_PRODUCTS_DIR)/ShopApp.app/$(BUNDLE_EXECUTABLE_FOLDER_PATH)/ShopApp";
			};
			name = Debug;
		};
		C315B9FB2EA572AA001FDCD4 /* Release */ = {
			isa = XCBuildConfiguration;
			buildSettings = {
				ALWAYS_EMBED_SWIFT_STANDARD_LIBRARIES = YES;
				BUNDLE_LOADER = "$(TEST_HOST)";
				CODE_SIGN_STYLE = Automatic;
				CURRENT_PROJECT_VERSION = 1;
				GENERATE_INFOPLIST_FILE = YES;
				IPHONEOS_DEPLOYMENT_TARGET = 17.5;
				MARKETING_VERSION = 1.0;
				PRODUCT_BUNDLE_IDENTIFIER = iti.com.ShopAppTests;
				PRODUCT_NAME = "$(TARGET_NAME)";
				SWIFT_EMIT_LOC_STRINGS = NO;
				SWIFT_VERSION = 5.0;
				TARGETED_DEVICE_FAMILY = "1,2";
				TEST_HOST = "$(BUILT_PRODUCTS_DIR)/ShopApp.app/$(BUNDLE_EXECUTABLE_FOLDER_PATH)/ShopApp";
			};
			name = Release;
		};
		C315B9FD2EA572AA001FDCD4 /* Debug */ = {
			isa = XCBuildConfiguration;
			buildSettings = {
				ALWAYS_EMBED_SWIFT_STANDARD_LIBRARIES = YES;
				CODE_SIGN_STYLE = Automatic;
				CURRENT_PROJECT_VERSION = 1;
				GENERATE_INFOPLIST_FILE = YES;
				MARKETING_VERSION = 1.0;
				PRODUCT_BUNDLE_IDENTIFIER = iti.com.ShopAppUITests;
				PRODUCT_NAME = "$(TARGET_NAME)";
				SWIFT_EMIT_LOC_STRINGS = NO;
				SWIFT_VERSION = 5.0;
				TARGETED_DEVICE_FAMILY = "1,2";
				TEST_TARGET_NAME = ShopApp;
			};
			name = Debug;
		};
		C315B9FE2EA572AA001FDCD4 /* Release */ = {
			isa = XCBuildConfiguration;
			buildSettings = {
				ALWAYS_EMBED_SWIFT_STANDARD_LIBRARIES = YES;
				CODE_SIGN_STYLE = Automatic;
				CURRENT_PROJECT_VERSION = 1;
				GENERATE_INFOPLIST_FILE = YES;
				MARKETING_VERSION = 1.0;
				PRODUCT_BUNDLE_IDENTIFIER = iti.com.ShopAppUITests;
				PRODUCT_NAME = "$(TARGET_NAME)";
				SWIFT_EMIT_LOC_STRINGS = NO;
				SWIFT_VERSION = 5.0;
				TARGETED_DEVICE_FAMILY = "1,2";
				TEST_TARGET_NAME = ShopApp;
			};
			name = Release;
		};
/* End XCBuildConfiguration section */

/* Begin XCConfigurationList section */
		C315B9CD2EA572A6001FDCD4 /* Build configuration list for PBXProject "ShopApp" */ = {
			isa = XCConfigurationList;
			buildConfigurations = (
				C315B9F42EA572AA001FDCD4 /* Debug */,
				C315B9F52EA572AA001FDCD4 /* Release */,
			);
			defaultConfigurationIsVisible = 0;
			defaultConfigurationName = Release;
		};
		C315B9F62EA572AA001FDCD4 /* Build configuration list for PBXNativeTarget "ShopApp" */ = {
			isa = XCConfigurationList;
			buildConfigurations = (
				C315B9F72EA572AA001FDCD4 /* Debug */,
				C315B9F82EA572AA001FDCD4 /* Release */,
			);
			defaultConfigurationIsVisible = 0;
			defaultConfigurationName = Release;
		};
		C315B9F92EA572AA001FDCD4 /* Build configuration list for PBXNativeTarget "ShopAppTests" */ = {
			isa = XCConfigurationList;
			buildConfigurations = (
				C315B9FA2EA572AA001FDCD4 /* Debug */,
				C315B9FB2EA572AA001FDCD4 /* Release */,
			);
			defaultConfigurationIsVisible = 0;
			defaultConfigurationName = Release;
		};
		C315B9FC2EA572AA001FDCD4 /* Build configuration list for PBXNativeTarget "ShopAppUITests" */ = {
			isa = XCConfigurationList;
			buildConfigurations = (
				C315B9FD2EA572AA001FDCD4 /* Debug */,
				C315B9FE2EA572AA001FDCD4 /* Release */,
			);
			defaultConfigurationIsVisible = 0;
			defaultConfigurationName = Release;
		};
/* End XCConfigurationList section */

/* Begin XCRemoteSwiftPackageReference section */
		C33596062EA7E0BA00FBB43D /* XCRemoteSwiftPackageReference "Swinject" */ = {
			isa = XCRemoteSwiftPackageReference;
			repositoryURL = "https://github.com/Swinject/Swinject.git";
			requirement = {
				kind = upToNextMajorVersion;
				minimumVersion = 2.9.1;
			};
		};
/* End XCRemoteSwiftPackageReference section */

/* Begin XCSwiftPackageProductDependency section */
		C33596082EA7E12500FBB43D /* Swinject */ = {
			isa = XCSwiftPackageProductDependency;
			package = C33596062EA7E0BA00FBB43D /* XCRemoteSwiftPackageReference "Swinject" */;
			productName = Swinject;
		};
/* End XCSwiftPackageProductDependency section */
	};
	rootObject = C315B9CA2EA572A6001FDCD4 /* Project object */;
}
