// !$*UTF8*$!
{
	archiveVersion = 1;
	classes = {
	};
	objectVersion = 70;
	objects = {

/* Begin PBXBuildFile section */
		10C7FE9F2EC2663600F4AEDF /* ApiServerTest.swift in Sources */ = {isa = PBXBuildFile; fileRef = 10C7FE9E2EC2663600F4AEDF /* ApiServerTest.swift */; };
		10C7FEA12EC2669100F4AEDF /* MockURLProtocol.swift in Sources */ = {isa = PBXBuildFile; fileRef = 10C7FEA02EC2669100F4AEDF /* MockURLProtocol.swift */; };
		C30B89442EC0D4FC00B190B8 /* PaymentModel.swift in Sources */ = {isa = PBXBuildFile; fileRef = C30B89432EC0D4FC00B190B8 /* PaymentModel.swift */; };
		C30E923A2EC219C8003EC610 /* OrderStatus.swift in Sources */ = {isa = PBXBuildFile; fileRef = C30E92332EC219C8003EC610 /* OrderStatus.swift */; };
		C30E923B2EC219C8003EC610 /* OrderView.swift in Sources */ = {isa = PBXBuildFile; fileRef = C30E92352EC219C8003EC610 /* OrderView.swift */; };
		C30E923C2EC219C8003EC610 /* OrderViewModel.swift in Sources */ = {isa = PBXBuildFile; fileRef = C30E92372EC219C8003EC610 /* OrderViewModel.swift */; };
		C30E923E2EC2206B003EC610 /* Enums.swift in Sources */ = {isa = PBXBuildFile; fileRef = C30E923D2EC2206B003EC610 /* Enums.swift */; };
		C3119DC62EAF6F7900EC4F08 /* HomeViewModel.swift in Sources */ = {isa = PBXBuildFile; fileRef = C3119DC52EAF6F7900EC4F08 /* HomeViewModel.swift */; };
		C311AADE2EB8515000C2AD80 /* SettingsModel.swift in Sources */ = {isa = PBXBuildFile; fileRef = C311AAD62EB8514F00C2AD80 /* SettingsModel.swift */; };
		C311AADF2EB8515000C2AD80 /* SettingsView.swift in Sources */ = {isa = PBXBuildFile; fileRef = C311AAD82EB8514F00C2AD80 /* SettingsView.swift */; };
		C311AAE12EB8515000C2AD80 /* SettingsViewModel.swift in Sources */ = {isa = PBXBuildFile; fileRef = C311AADB2EB8514F00C2AD80 /* SettingsViewModel.swift */; };
		C31218FC2EAB6B9C008456E4 /* ApiServices.swift in Sources */ = {isa = PBXBuildFile; fileRef = C31218FB2EAB6B9C008456E4 /* ApiServices.swift */; };
		C3131F422EA7D16200F46CCA /* CustomTextFiled.swift in Sources */ = {isa = PBXBuildFile; fileRef = C3131F412EA7D16200F46CCA /* CustomTextFiled.swift */; };
		C3131F442EA7D19200F46CCA /* customButton.swift in Sources */ = {isa = PBXBuildFile; fileRef = C3131F432EA7D19200F46CCA /* customButton.swift */; };
		C3131F462EA7D1DA00F46CCA /* LoginScreen.swift in Sources */ = {isa = PBXBuildFile; fileRef = C3131F452EA7D1DA00F46CCA /* LoginScreen.swift */; };
		C315B9E72EA572AA001FDCD4 /* ShopAppTests.swift in Sources */ = {isa = PBXBuildFile; fileRef = C315B9E62EA572AA001FDCD4 /* ShopAppTests.swift */; };
		C315B9F12EA572AA001FDCD4 /* ShopAppUITests.swift in Sources */ = {isa = PBXBuildFile; fileRef = C315B9F02EA572AA001FDCD4 /* ShopAppUITests.swift */; };
		C315B9F32EA572AA001FDCD4 /* ShopAppUITestsLaunchTests.swift in Sources */ = {isa = PBXBuildFile; fileRef = C315B9F22EA572AA001FDCD4 /* ShopAppUITestsLaunchTests.swift */; };
		C331ECAC2EAD84E600B71CAA /* SwiftDataHelper.swift in Sources */ = {isa = PBXBuildFile; fileRef = C331ECAB2EAD84E600B71CAA /* SwiftDataHelper.swift */; };
		C335479F2EA81FA40076D72C /* LoginResponse.swift in Sources */ = {isa = PBXBuildFile; fileRef = C335479E2EA81FA40076D72C /* LoginResponse.swift */; };
		C33547A12EA820840076D72C /* RegisterViewModel.swift in Sources */ = {isa = PBXBuildFile; fileRef = C33547A02EA820840076D72C /* RegisterViewModel.swift */; };
		C33547A32EA839350076D72C /* GoogleService-Info.plist in Resources */ = {isa = PBXBuildFile; fileRef = C33547A22EA839350076D72C /* GoogleService-Info.plist */; };
		C33595E22EA7DBD600FBB43D /* Preview Assets.xcassets in Resources */ = {isa = PBXBuildFile; fileRef = C33595E02EA7DBD600FBB43D /* Preview Assets.xcassets */; };
		C33595ED2EA7DDAD00FBB43D /* FetchDataProtocol.swift in Sources */ = {isa = PBXBuildFile; fileRef = C33595EB2EA7DDAD00FBB43D /* FetchDataProtocol.swift */; };
		C33595F42EA7DDCB00FBB43D /* CustomNetworkImage.swift in Sources */ = {isa = PBXBuildFile; fileRef = C33595EF2EA7DDCB00FBB43D /* CustomNetworkImage.swift */; };
		C33595F62EA7DDCB00FBB43D /* StarRatingView.swift in Sources */ = {isa = PBXBuildFile; fileRef = C33595F12EA7DDCB00FBB43D /* StarRatingView.swift */; };
		C33595FF2EA7E00400FBB43D /* ApiUrls.swift in Sources */ = {isa = PBXBuildFile; fileRef = C33595F72EA7E00400FBB43D /* ApiUrls.swift */; };
		C33596002EA7E00400FBB43D /* AppConstant.swift in Sources */ = {isa = PBXBuildFile; fileRef = C33595F82EA7E00400FBB43D /* AppConstant.swift */; };
		C33596012EA7E00400FBB43D /* AppTextStyle.swift in Sources */ = {isa = PBXBuildFile; fileRef = C33595F92EA7E00400FBB43D /* AppTextStyle.swift */; };
		C33596022EA7E00400FBB43D /* CustomTextStyle.swift in Sources */ = {isa = PBXBuildFile; fileRef = C33595FA2EA7E00400FBB43D /* CustomTextStyle.swift */; };
		C33596032EA7E00400FBB43D /* Numeric.swift in Sources */ = {isa = PBXBuildFile; fileRef = C33595FB2EA7E00400FBB43D /* Numeric.swift */; };
		C33596042EA7E00400FBB43D /* HelperFuctions.swift in Sources */ = {isa = PBXBuildFile; fileRef = C33595FC2EA7E00400FBB43D /* HelperFuctions.swift */; };
		C33596052EA7E00400FBB43D /* LocationHelper.swift in Sources */ = {isa = PBXBuildFile; fileRef = C33595FD2EA7E00400FBB43D /* LocationHelper.swift */; };
		C33596092EA7E12500FBB43D /* Swinject in Frameworks */ = {isa = PBXBuildFile; productRef = C33596082EA7E12500FBB43D /* Swinject */; };
		C335960C2EA7E1C100FBB43D /* RemoteDataHelper.swift in Sources */ = {isa = PBXBuildFile; fileRef = C335960A2EA7E1C100FBB43D /* RemoteDataHelper.swift */; };
		C335960F2EA7E6CE00FBB43D /* color_extension.swift in Sources */ = {isa = PBXBuildFile; fileRef = C335960E2EA7E6CE00FBB43D /* color_extension.swift */; };
		C33596112EA7E70A00FBB43D /* AppColors.swift in Sources */ = {isa = PBXBuildFile; fileRef = C33596102EA7E70A00FBB43D /* AppColors.swift */; };
		C33596132EA7E79400FBB43D /* AppString.swift in Sources */ = {isa = PBXBuildFile; fileRef = C33596122EA7E79400FBB43D /* AppString.swift */; };
		C33596152EA7EF3800FBB43D /* RegisterScreen.swift in Sources */ = {isa = PBXBuildFile; fileRef = C33596142EA7EF3800FBB43D /* RegisterScreen.swift */; };
		C33596182EA7F1A700FBB43D /* RootView.swift in Sources */ = {isa = PBXBuildFile; fileRef = C33596172EA7F1A700FBB43D /* RootView.swift */; };
		C335961A2EA7F1F900FBB43D /* AppNavigator.swift in Sources */ = {isa = PBXBuildFile; fileRef = C33596192EA7F1F900FBB43D /* AppNavigator.swift */; };
		C340C0A72EAF522F00A7056B /* BrandCollectionView.swift in Sources */ = {isa = PBXBuildFile; fileRef = C340C0902EAF522F00A7056B /* BrandCollectionView.swift */; };
		C340C0A82EAF522F00A7056B /* BrandProductsView.swift in Sources */ = {isa = PBXBuildFile; fileRef = C340C0912EAF522F00A7056B /* BrandProductsView.swift */; };
		C340C0A92EAF522F00A7056B /* HomeHeaderView.swift in Sources */ = {isa = PBXBuildFile; fileRef = C340C0922EAF522F00A7056B /* HomeHeaderView.swift */; };
		C340C0AA2EAF522F00A7056B /* HomeSearchBar.swift in Sources */ = {isa = PBXBuildFile; fileRef = C340C0932EAF522F00A7056B /* HomeSearchBar.swift */; };
		C340C0AB2EAF522F00A7056B /* HomeView.swift in Sources */ = {isa = PBXBuildFile; fileRef = C340C0942EAF522F00A7056B /* HomeView.swift */; };
		C340C0AC2EAF522F00A7056B /* MainTabView.swift in Sources */ = {isa = PBXBuildFile; fileRef = C340C0952EAF522F00A7056B /* MainTabView.swift */; };
		C344D0472EA95E390046D0F3 /* FirebaseFirestore in Frameworks */ = {isa = PBXBuildFile; productRef = C344D0462EA95E390046D0F3 /* FirebaseFirestore */; };
		C35C05D42EB4D40400980A63 /* CheckoutView.swift in Sources */ = {isa = PBXBuildFile; fileRef = C35C05D12EB4D40400980A63 /* CheckoutView.swift */; };
		C36097F42EA9C3EE00225EA2 /* LoginViewModel.swift in Sources */ = {isa = PBXBuildFile; fileRef = C36097F32EA9C3EE00225EA2 /* LoginViewModel.swift */; };
		C36097F82EA9CFF400225EA2 /* LoadingView.swift in Sources */ = {isa = PBXBuildFile; fileRef = C36097F72EA9CFF400225EA2 /* LoadingView.swift */; };
		C36097FA2EA9D20000225EA2 /* CustomViewAlert.swift in Sources */ = {isa = PBXBuildFile; fileRef = C36097F92EA9D20000225EA2 /* CustomViewAlert.swift */; };
		C36A93B12EAA59BC00E7C5EF /* AdItem.swift in Sources */ = {isa = PBXBuildFile; fileRef = C36A93A82EAA59BC00E7C5EF /* AdItem.swift */; };
		C36A93B32EAA59BC00E7C5EF /* DiscountModel.swift in Sources */ = {isa = PBXBuildFile; fileRef = C36A93AA2EAA59BC00E7C5EF /* DiscountModel.swift */; };
		C36A93B42EAA59BC00E7C5EF /* CouponsViewModel.swift in Sources */ = {isa = PBXBuildFile; fileRef = C36A93AC2EAA59BC00E7C5EF /* CouponsViewModel.swift */; };
		C36A93B52EAA59BC00E7C5EF /* CouponsView.swift in Sources */ = {isa = PBXBuildFile; fileRef = C36A93AE2EAA59BC00E7C5EF /* CouponsView.swift */; };
		C3AC76A42EA93A8900782CDF /* FirebaseAuth in Frameworks */ = {isa = PBXBuildFile; productRef = C3AC76A32EA93A8900782CDF /* FirebaseAuth */; };
		C3EF8A072EA8745500645178 /* FirebaseHelper.swift in Sources */ = {isa = PBXBuildFile; fileRef = C3EF8A062EA8745500645178 /* FirebaseHelper.swift */; };
		C3F014A22EA9AEF9007DB0C0 /* FirebaseAnalyticsSwift in Frameworks */ = {isa = PBXBuildFile; productRef = C3F014A12EA9AEF9007DB0C0 /* FirebaseAnalyticsSwift */; };
		C3F014A42EA9AF11007DB0C0 /* FirebaseAnalytics in Frameworks */ = {isa = PBXBuildFile; productRef = C3F014A32EA9AF11007DB0C0 /* FirebaseAnalytics */; };
		C3F4380A2EC186CF00300BBE /* AppViewModel.swift in Sources */ = {isa = PBXBuildFile; fileRef = C3F438092EC186CE00300BBE /* AppViewModel.swift */; };
		C3F438412EC1B86000300BBE /* CurrencyManager.swift in Sources */ = {isa = PBXBuildFile; fileRef = C3F4383B2EC1B86000300BBE /* CurrencyManager.swift */; };
		C3F438422EC1B86000300BBE /* CurrencyModel.swift in Sources */ = {isa = PBXBuildFile; fileRef = C3F4383C2EC1B86000300BBE /* CurrencyModel.swift */; };
		C3F438432EC1B86000300BBE /* CurrencyTestView.swift in Sources */ = {isa = PBXBuildFile; fileRef = C3F4383E2EC1B86000300BBE /* CurrencyTestView.swift */; };
		C3F438452EC1B88500300BBE /* AddressesViewModel.swift in Sources */ = {isa = PBXBuildFile; fileRef = C3F438442EC1B88500300BBE /* AddressesViewModel.swift */; };
		C3F438482EC1B9B900300BBE /* PayPalCheckout in Frameworks */ = {isa = PBXBuildFile; productRef = C3F438472EC1B9B900300BBE /* PayPalCheckout */; };
		C3F438502EC1BA3E00300BBE /* CartManager.swift in Sources */ = {isa = PBXBuildFile; fileRef = C3F438492EC1BA3E00300BBE /* CartManager.swift */; };
		C3F438512EC1BA3E00300BBE /* ProductInCart.swift in Sources */ = {isa = PBXBuildFile; fileRef = C3F4384A2EC1BA3E00300BBE /* ProductInCart.swift */; };
		C3F438522EC1BA3E00300BBE /* CartView.swift in Sources */ = {isa = PBXBuildFile; fileRef = C3F4384C2EC1BA3E00300BBE /* CartView.swift */; };
/* End PBXBuildFile section */

/* Begin PBXContainerItemProxy section */
		C315B9E32EA572AA001FDCD4 /* PBXContainerItemProxy */ = {
			isa = PBXContainerItemProxy;
			containerPortal = C315B9CA2EA572A6001FDCD4 /* Project object */;
			proxyType = 1;
			remoteGlobalIDString = C315B9D12EA572A7001FDCD4;
			remoteInfo = ShopApp;
		};
		C315B9ED2EA572AA001FDCD4 /* PBXContainerItemProxy */ = {
			isa = PBXContainerItemProxy;
			containerPortal = C315B9CA2EA572A6001FDCD4 /* Project object */;
			proxyType = 1;
			remoteGlobalIDString = C315B9D12EA572A7001FDCD4;
			remoteInfo = ShopApp;
		};
/* End PBXContainerItemProxy section */

/* Begin PBXFileReference section */
		10C7FE9E2EC2663600F4AEDF /* ApiServerTest.swift */ = {isa = PBXFileReference; lastKnownFileType = sourcecode.swift; path = ApiServerTest.swift; sourceTree = "<group>"; };
		10C7FEA02EC2669100F4AEDF /* MockURLProtocol.swift */ = {isa = PBXFileReference; lastKnownFileType = sourcecode.swift; path = MockURLProtocol.swift; sourceTree = "<group>"; };
		C30B89432EC0D4FC00B190B8 /* PaymentModel.swift */ = {isa = PBXFileReference; lastKnownFileType = sourcecode.swift; path = PaymentModel.swift; sourceTree = "<group>"; };
		C30E92332EC219C8003EC610 /* OrderStatus.swift */ = {isa = PBXFileReference; fileEncoding = 4; lastKnownFileType = sourcecode.swift; path = OrderStatus.swift; sourceTree = "<group>"; };
		C30E92352EC219C8003EC610 /* OrderView.swift */ = {isa = PBXFileReference; fileEncoding = 4; lastKnownFileType = sourcecode.swift; path = OrderView.swift; sourceTree = "<group>"; };
		C30E92372EC219C8003EC610 /* OrderViewModel.swift */ = {isa = PBXFileReference; fileEncoding = 4; lastKnownFileType = sourcecode.swift; path = OrderViewModel.swift; sourceTree = "<group>"; };
		C30E923D2EC2206B003EC610 /* Enums.swift */ = {isa = PBXFileReference; lastKnownFileType = sourcecode.swift; path = Enums.swift; sourceTree = "<group>"; };
		C3119DC52EAF6F7900EC4F08 /* HomeViewModel.swift */ = {isa = PBXFileReference; lastKnownFileType = sourcecode.swift; path = HomeViewModel.swift; sourceTree = "<group>"; };
		C311AAD62EB8514F00C2AD80 /* SettingsModel.swift */ = {isa = PBXFileReference; fileEncoding = 4; lastKnownFileType = sourcecode.swift; path = SettingsModel.swift; sourceTree = "<group>"; };
		C311AAD82EB8514F00C2AD80 /* SettingsView.swift */ = {isa = PBXFileReference; fileEncoding = 4; lastKnownFileType = sourcecode.swift; path = SettingsView.swift; sourceTree = "<group>"; };
		C311AADB2EB8514F00C2AD80 /* SettingsViewModel.swift */ = {isa = PBXFileReference; fileEncoding = 4; lastKnownFileType = sourcecode.swift; path = SettingsViewModel.swift; sourceTree = "<group>"; };
		C31218FA2EAAF139008456E4 /* Info.plist */ = {isa = PBXFileReference; lastKnownFileType = text.plist.xml; path = Info.plist; sourceTree = "<group>"; };
		C31218FB2EAB6B9C008456E4 /* ApiServices.swift */ = {isa = PBXFileReference; lastKnownFileType = sourcecode.swift; path = ApiServices.swift; sourceTree = "<group>"; };
		C3131F412EA7D16200F46CCA /* CustomTextFiled.swift */ = {isa = PBXFileReference; lastKnownFileType = sourcecode.swift; path = CustomTextFiled.swift; sourceTree = "<group>"; };
		C3131F432EA7D19200F46CCA /* customButton.swift */ = {isa = PBXFileReference; lastKnownFileType = sourcecode.swift; path = customButton.swift; sourceTree = "<group>"; };
		C3131F452EA7D1DA00F46CCA /* LoginScreen.swift */ = {isa = PBXFileReference; lastKnownFileType = sourcecode.swift; path = LoginScreen.swift; sourceTree = "<group>"; };
		C315B9D22EA572A7001FDCD4 /* ShopApp.app */ = {isa = PBXFileReference; explicitFileType = wrapper.application; includeInIndex = 0; path = ShopApp.app; sourceTree = BUILT_PRODUCTS_DIR; };
		C315B9E22EA572AA001FDCD4 /* ShopAppTests.xctest */ = {isa = PBXFileReference; explicitFileType = wrapper.cfbundle; includeInIndex = 0; path = ShopAppTests.xctest; sourceTree = BUILT_PRODUCTS_DIR; };
		C315B9E62EA572AA001FDCD4 /* ShopAppTests.swift */ = {isa = PBXFileReference; lastKnownFileType = sourcecode.swift; path = ShopAppTests.swift; sourceTree = "<group>"; };
		C315B9EC2EA572AA001FDCD4 /* ShopAppUITests.xctest */ = {isa = PBXFileReference; explicitFileType = wrapper.cfbundle; includeInIndex = 0; path = ShopAppUITests.xctest; sourceTree = BUILT_PRODUCTS_DIR; };
		C315B9F02EA572AA001FDCD4 /* ShopAppUITests.swift */ = {isa = PBXFileReference; lastKnownFileType = sourcecode.swift; path = ShopAppUITests.swift; sourceTree = "<group>"; };
		C315B9F22EA572AA001FDCD4 /* ShopAppUITestsLaunchTests.swift */ = {isa = PBXFileReference; lastKnownFileType = sourcecode.swift; path = ShopAppUITestsLaunchTests.swift; sourceTree = "<group>"; };
		C331ECAB2EAD84E600B71CAA /* SwiftDataHelper.swift */ = {isa = PBXFileReference; lastKnownFileType = sourcecode.swift; path = SwiftDataHelper.swift; sourceTree = "<group>"; };
		C335479E2EA81FA40076D72C /* LoginResponse.swift */ = {isa = PBXFileReference; lastKnownFileType = sourcecode.swift; path = LoginResponse.swift; sourceTree = "<group>"; };
		C33547A02EA820840076D72C /* RegisterViewModel.swift */ = {isa = PBXFileReference; lastKnownFileType = sourcecode.swift; path = RegisterViewModel.swift; sourceTree = "<group>"; };
		C33547A22EA839350076D72C /* GoogleService-Info.plist */ = {isa = PBXFileReference; fileEncoding = 4; lastKnownFileType = text.plist.xml; path = "GoogleService-Info.plist"; sourceTree = "<group>"; };
		C33595E02EA7DBD600FBB43D /* Preview Assets.xcassets */ = {isa = PBXFileReference; lastKnownFileType = folder.assetcatalog; path = "Preview Assets.xcassets"; sourceTree = "<group>"; };
		C33595EB2EA7DDAD00FBB43D /* FetchDataProtocol.swift */ = {isa = PBXFileReference; fileEncoding = 4; lastKnownFileType = sourcecode.swift; path = FetchDataProtocol.swift; sourceTree = "<group>"; };
		C33595EF2EA7DDCB00FBB43D /* CustomNetworkImage.swift */ = {isa = PBXFileReference; fileEncoding = 4; lastKnownFileType = sourcecode.swift; path = CustomNetworkImage.swift; sourceTree = "<group>"; };
		C33595F12EA7DDCB00FBB43D /* StarRatingView.swift */ = {isa = PBXFileReference; fileEncoding = 4; lastKnownFileType = sourcecode.swift; path = StarRatingView.swift; sourceTree = "<group>"; };
		C33595F72EA7E00400FBB43D /* ApiUrls.swift */ = {isa = PBXFileReference; fileEncoding = 4; lastKnownFileType = sourcecode.swift; path = ApiUrls.swift; sourceTree = "<group>"; };
		C33595F82EA7E00400FBB43D /* AppConstant.swift */ = {isa = PBXFileReference; fileEncoding = 4; lastKnownFileType = sourcecode.swift; path = AppConstant.swift; sourceTree = "<group>"; };
		C33595F92EA7E00400FBB43D /* AppTextStyle.swift */ = {isa = PBXFileReference; fileEncoding = 4; lastKnownFileType = sourcecode.swift; path = AppTextStyle.swift; sourceTree = "<group>"; };
		C33595FA2EA7E00400FBB43D /* CustomTextStyle.swift */ = {isa = PBXFileReference; fileEncoding = 4; lastKnownFileType = sourcecode.swift; path = CustomTextStyle.swift; sourceTree = "<group>"; };
		C33595FB2EA7E00400FBB43D /* Numeric.swift */ = {isa = PBXFileReference; fileEncoding = 4; lastKnownFileType = sourcecode.swift; path = Numeric.swift; sourceTree = "<group>"; };
		C33595FC2EA7E00400FBB43D /* HelperFuctions.swift */ = {isa = PBXFileReference; fileEncoding = 4; lastKnownFileType = sourcecode.swift; path = HelperFuctions.swift; sourceTree = "<group>"; };
		C33595FD2EA7E00400FBB43D /* LocationHelper.swift */ = {isa = PBXFileReference; fileEncoding = 4; lastKnownFileType = sourcecode.swift; path = LocationHelper.swift; sourceTree = "<group>"; };
		C335960A2EA7E1C100FBB43D /* RemoteDataHelper.swift */ = {isa = PBXFileReference; fileEncoding = 4; lastKnownFileType = sourcecode.swift; path = RemoteDataHelper.swift; sourceTree = "<group>"; };
		C335960E2EA7E6CE00FBB43D /* color_extension.swift */ = {isa = PBXFileReference; lastKnownFileType = sourcecode.swift; path = color_extension.swift; sourceTree = "<group>"; };
		C33596102EA7E70A00FBB43D /* AppColors.swift */ = {isa = PBXFileReference; lastKnownFileType = sourcecode.swift; path = AppColors.swift; sourceTree = "<group>"; };
		C33596122EA7E79400FBB43D /* AppString.swift */ = {isa = PBXFileReference; lastKnownFileType = sourcecode.swift; path = AppString.swift; sourceTree = "<group>"; };
		C33596142EA7EF3800FBB43D /* RegisterScreen.swift */ = {isa = PBXFileReference; lastKnownFileType = sourcecode.swift; path = RegisterScreen.swift; sourceTree = "<group>"; };
		C33596172EA7F1A700FBB43D /* RootView.swift */ = {isa = PBXFileReference; lastKnownFileType = sourcecode.swift; path = RootView.swift; sourceTree = "<group>"; };
		C33596192EA7F1F900FBB43D /* AppNavigator.swift */ = {isa = PBXFileReference; lastKnownFileType = sourcecode.swift; path = AppNavigator.swift; sourceTree = "<group>"; };
		C340C0902EAF522F00A7056B /* BrandCollectionView.swift */ = {isa = PBXFileReference; fileEncoding = 4; lastKnownFileType = sourcecode.swift; path = BrandCollectionView.swift; sourceTree = "<group>"; };
		C340C0912EAF522F00A7056B /* BrandProductsView.swift */ = {isa = PBXFileReference; fileEncoding = 4; lastKnownFileType = sourcecode.swift; path = BrandProductsView.swift; sourceTree = "<group>"; };
		C340C0922EAF522F00A7056B /* HomeHeaderView.swift */ = {isa = PBXFileReference; fileEncoding = 4; lastKnownFileType = sourcecode.swift; path = HomeHeaderView.swift; sourceTree = "<group>"; };
		C340C0932EAF522F00A7056B /* HomeSearchBar.swift */ = {isa = PBXFileReference; fileEncoding = 4; lastKnownFileType = sourcecode.swift; path = HomeSearchBar.swift; sourceTree = "<group>"; };
		C340C0942EAF522F00A7056B /* HomeView.swift */ = {isa = PBXFileReference; fileEncoding = 4; lastKnownFileType = sourcecode.swift; path = HomeView.swift; sourceTree = "<group>"; };
		C340C0952EAF522F00A7056B /* MainTabView.swift */ = {isa = PBXFileReference; fileEncoding = 4; lastKnownFileType = sourcecode.swift; path = MainTabView.swift; sourceTree = "<group>"; };
		C35C05D12EB4D40400980A63 /* CheckoutView.swift */ = {isa = PBXFileReference; fileEncoding = 4; lastKnownFileType = sourcecode.swift; path = CheckoutView.swift; sourceTree = "<group>"; };
		C36097F32EA9C3EE00225EA2 /* LoginViewModel.swift */ = {isa = PBXFileReference; lastKnownFileType = sourcecode.swift; path = LoginViewModel.swift; sourceTree = "<group>"; };
		C36097F72EA9CFF400225EA2 /* LoadingView.swift */ = {isa = PBXFileReference; lastKnownFileType = sourcecode.swift; path = LoadingView.swift; sourceTree = "<group>"; };
		C36097F92EA9D20000225EA2 /* CustomViewAlert.swift */ = {isa = PBXFileReference; lastKnownFileType = sourcecode.swift; path = CustomViewAlert.swift; sourceTree = "<group>"; };
		C36A93A82EAA59BC00E7C5EF /* AdItem.swift */ = {isa = PBXFileReference; fileEncoding = 4; lastKnownFileType = sourcecode.swift; path = AdItem.swift; sourceTree = "<group>"; };
		C36A93AA2EAA59BC00E7C5EF /* DiscountModel.swift */ = {isa = PBXFileReference; fileEncoding = 4; lastKnownFileType = sourcecode.swift; path = DiscountModel.swift; sourceTree = "<group>"; };
		C36A93AC2EAA59BC00E7C5EF /* CouponsViewModel.swift */ = {isa = PBXFileReference; fileEncoding = 4; lastKnownFileType = sourcecode.swift; path = CouponsViewModel.swift; sourceTree = "<group>"; };
		C36A93AE2EAA59BC00E7C5EF /* CouponsView.swift */ = {isa = PBXFileReference; fileEncoding = 4; lastKnownFileType = sourcecode.swift; path = CouponsView.swift; sourceTree = "<group>"; };
		C3EF8A062EA8745500645178 /* FirebaseHelper.swift */ = {isa = PBXFileReference; lastKnownFileType = sourcecode.swift; path = FirebaseHelper.swift; sourceTree = "<group>"; };
		C3F438092EC186CE00300BBE /* AppViewModel.swift */ = {isa = PBXFileReference; lastKnownFileType = sourcecode.swift; path = AppViewModel.swift; sourceTree = "<group>"; };
		C3F4383B2EC1B86000300BBE /* CurrencyManager.swift */ = {isa = PBXFileReference; fileEncoding = 4; lastKnownFileType = sourcecode.swift; path = CurrencyManager.swift; sourceTree = "<group>"; };
		C3F4383C2EC1B86000300BBE /* CurrencyModel.swift */ = {isa = PBXFileReference; fileEncoding = 4; lastKnownFileType = sourcecode.swift; path = CurrencyModel.swift; sourceTree = "<group>"; };
		C3F4383E2EC1B86000300BBE /* CurrencyTestView.swift */ = {isa = PBXFileReference; fileEncoding = 4; lastKnownFileType = sourcecode.swift; path = CurrencyTestView.swift; sourceTree = "<group>"; };
		C3F438442EC1B88500300BBE /* AddressesViewModel.swift */ = {isa = PBXFileReference; fileEncoding = 4; lastKnownFileType = sourcecode.swift; path = AddressesViewModel.swift; sourceTree = "<group>"; };
		C3F438492EC1BA3E00300BBE /* CartManager.swift */ = {isa = PBXFileReference; fileEncoding = 4; lastKnownFileType = sourcecode.swift; path = CartManager.swift; sourceTree = "<group>"; };
		C3F4384A2EC1BA3E00300BBE /* ProductInCart.swift */ = {isa = PBXFileReference; fileEncoding = 4; lastKnownFileType = sourcecode.swift; path = ProductInCart.swift; sourceTree = "<group>"; };
		C3F4384C2EC1BA3E00300BBE /* CartView.swift */ = {isa = PBXFileReference; fileEncoding = 4; lastKnownFileType = sourcecode.swift; path = CartView.swift; sourceTree = "<group>"; };
/* End PBXFileReference section */

/* Begin PBXFileSystemSynchronizedBuildFileExceptionSet section */
		102103432EC537FE00FF92F0 /* PBXFileSystemSynchronizedBuildFileExceptionSet */ = {
			isa = PBXFileSystemSynchronizedBuildFileExceptionSet;
			membershipExceptions = (
				ContentView.swift,
				ShopAppApp.swift,
			);
			target = C315B9D12EA572A7001FDCD4 /* ShopApp */;
		};
/* End PBXFileSystemSynchronizedBuildFileExceptionSet section */

/* Begin PBXFileSystemSynchronizedRootGroup section */
		102103422EC537F600FF92F0 /* App */ = {isa = PBXFileSystemSynchronizedRootGroup; exceptions = (102103432EC537FE00FF92F0 /* PBXFileSystemSynchronizedBuildFileExceptionSet */, ); explicitFileTypes = {}; explicitFolders = (); path = App; sourceTree = "<group>"; };
		102103442EC5381700FF92F0 /* Resources */ = {isa = PBXFileSystemSynchronizedRootGroup; explicitFileTypes = {}; explicitFolders = (); path = Resources; sourceTree = "<group>"; };
		102103472EC53B2100FF92F0 /* View */ = {isa = PBXFileSystemSynchronizedRootGroup; explicitFileTypes = {}; explicitFolders = (); path = View; sourceTree = "<group>"; };
		102103482EC53B3900FF92F0 /* Model */ = {isa = PBXFileSystemSynchronizedRootGroup; explicitFileTypes = {}; explicitFolders = (); path = Model; sourceTree = "<group>"; };
		102103492EC53BAD00FF92F0 /* View */ = {isa = PBXFileSystemSynchronizedRootGroup; explicitFileTypes = {}; explicitFolders = (); path = View; sourceTree = "<group>"; };
		1021034A2EC53BBA00FF92F0 /* Model */ = {isa = PBXFileSystemSynchronizedRootGroup; explicitFileTypes = {}; explicitFolders = (); path = Model; sourceTree = "<group>"; };
/* End PBXFileSystemSynchronizedRootGroup section */

/* Begin PBXFrameworksBuildPhase section */
		C315B9CF2EA572A7001FDCD4 /* Frameworks */ = {
			isa = PBXFrameworksBuildPhase;
			buildActionMask = 2147483647;
			files = (
				C3F014A22EA9AEF9007DB0C0 /* FirebaseAnalyticsSwift in Frameworks */,
				C33596092EA7E12500FBB43D /* Swinject in Frameworks */,
				C3AC76A42EA93A8900782CDF /* FirebaseAuth in Frameworks */,
				C3F014A42EA9AF11007DB0C0 /* FirebaseAnalytics in Frameworks */,
				C344D0472EA95E390046D0F3 /* FirebaseFirestore in Frameworks */,
				C3F438482EC1B9B900300BBE /* PayPalCheckout in Frameworks */,
			);
			runOnlyForDeploymentPostprocessing = 0;
		};
		C315B9DF2EA572AA001FDCD4 /* Frameworks */ = {
			isa = PBXFrameworksBuildPhase;
			buildActionMask = 2147483647;
			files = (
			);
			runOnlyForDeploymentPostprocessing = 0;
		};
		C315B9E92EA572AA001FDCD4 /* Frameworks */ = {
			isa = PBXFrameworksBuildPhase;
			buildActionMask = 2147483647;
			files = (
			);
			runOnlyForDeploymentPostprocessing = 0;
		};
/* End PBXFrameworksBuildPhase section */

/* Begin PBXGroup section */
		102103462EC539C500FF92F0 /* Preview Content */ = {
			isa = PBXGroup;
			children = (
				C33595E02EA7DBD600FBB43D /* Preview Assets.xcassets */,
			);
			path = "Preview Content";
			sourceTree = "<group>";
		};
		C30C68122EC0B0F900FC35B7 /* View */ = {
			isa = PBXGroup;
			children = (
				C340C0942EAF522F00A7056B /* HomeView.swift */,
				C340C0932EAF522F00A7056B /* HomeSearchBar.swift */,
				C340C0922EAF522F00A7056B /* HomeHeaderView.swift */,
			);
			path = View;
			sourceTree = "<group>";
		};
		C30E92342EC219C8003EC610 /* Model */ = {
			isa = PBXGroup;
			children = (
				C30E92332EC219C8003EC610 /* OrderStatus.swift */,
			);
			path = Model;
			sourceTree = "<group>";
		};
		C30E92362EC219C8003EC610 /* View */ = {
			isa = PBXGroup;
			children = (
				C30E92352EC219C8003EC610 /* OrderView.swift */,
			);
			path = View;
			sourceTree = "<group>";
		};
		C30E92382EC219C8003EC610 /* ViewModel */ = {
			isa = PBXGroup;
			children = (
				C30E92372EC219C8003EC610 /* OrderViewModel.swift */,
			);
			path = ViewModel;
			sourceTree = "<group>";
		};
		C30E92392EC219C8003EC610 /* Order */ = {
			isa = PBXGroup;
			children = (
				C30E92342EC219C8003EC610 /* Model */,
				C30E92362EC219C8003EC610 /* View */,
				C30E92382EC219C8003EC610 /* ViewModel */,
			);
			path = Order;
			sourceTree = "<group>";
		};
		C3119DC02EAF666A00EC4F08 /* Brand */ = {
			isa = PBXGroup;
			children = (
				C340C0902EAF522F00A7056B /* BrandCollectionView.swift */,
				C340C0912EAF522F00A7056B /* BrandProductsView.swift */,
			);
			path = Brand;
			sourceTree = "<group>";
		};
		C3119DC12EAF6B1500EC4F08 /* Home */ = {
			isa = PBXGroup;
			children = (
				C30C68122EC0B0F900FC35B7 /* View */,
				C340C09A2EAF522F00A7056B /* ViewModel */,
			);
			path = Home;
			sourceTree = "<group>";
		};
		C311AAD42EB84DD400C2AD80 /* Products */ = {
			isa = PBXGroup;
			children = (
				102103482EC53B3900FF92F0 /* Model */,
				102103472EC53B2100FF92F0 /* View */,
			);
			path = Products;
			sourceTree = "<group>";
		};
		C311AAD52EB84E6800C2AD80 /* Categories */ = {
			isa = PBXGroup;
			children = (
				1021034A2EC53BBA00FF92F0 /* Model */,
				102103492EC53BAD00FF92F0 /* View */,
			);
			path = Categories;
			sourceTree = "<group>";
		};
		C311AAD72EB8514F00C2AD80 /* Model */ = {
			isa = PBXGroup;
			children = (
				C311AAD62EB8514F00C2AD80 /* SettingsModel.swift */,
			);
			path = Model;
			sourceTree = "<group>";
		};
		C311AAD92EB8514F00C2AD80 /* View */ = {
			isa = PBXGroup;
			children = (
				C311AAD82EB8514F00C2AD80 /* SettingsView.swift */,
			);
			path = View;
			sourceTree = "<group>";
		};
		C311AADC2EB8514F00C2AD80 /* ViewModel */ = {
			isa = PBXGroup;
			children = (
				C3F438442EC1B88500300BBE /* AddressesViewModel.swift */,
				C311AADB2EB8514F00C2AD80 /* SettingsViewModel.swift */,
			);
			path = ViewModel;
			sourceTree = "<group>";
		};
		C311AADD2EB8514F00C2AD80 /* Setting */ = {
			isa = PBXGroup;
			children = (
				C311AAD72EB8514F00C2AD80 /* Model */,
				C311AAD92EB8514F00C2AD80 /* View */,
				C311AADC2EB8514F00C2AD80 /* ViewModel */,
			);
			path = Setting;
			sourceTree = "<group>";
		};
		C3131F3F2EA7CFC500F46CCA /* Features */ = {
			isa = PBXGroup;
			children = (
				C311AADD2EB8514F00C2AD80 /* Setting */,
				C35C05D32EB4D40400980A63 /* Payment */,
				C36A93B02EAA59BC00E7C5EF /* Coupons */,
				C3F438402EC1B86000300BBE /* CurrencyConvertor */,
				C30E92392EC219C8003EC610 /* Order */,
				C3119DC02EAF666A00EC4F08 /* Brand */,
				C3F4384F2EC1BA3E00300BBE /* Cart */,
				C311AAD42EB84DD400C2AD80 /* Products */,
				C311AAD52EB84E6800C2AD80 /* Categories */,
				C3131F402EA7CFD400F46CCA /* Auth */,
				C340C09B2EAF522F00A7056B /* MainScreen */,
			);
			path = Features;
			sourceTree = "<group>";
		};
		C3131F402EA7CFD400F46CCA /* Auth */ = {
			isa = PBXGroup;
			children = (
				C335479D2EA81BD10076D72C /* ViewModel */,
				C335479C2EA81BC80076D72C /* Model */,
				C335961B2EA7F9BF00FBB43D /* View */,
			);
			path = Auth;
			sourceTree = "<group>";
		};
		C315B9C92EA572A6001FDCD4 = {
			isa = PBXGroup;
			children = (
				C315BA1A2EA573B4001FDCD4 /* ShopApp */,
				C315B9E52EA572AA001FDCD4 /* ShopAppTests */,
				C315B9EF2EA572AA001FDCD4 /* ShopAppUITests */,
				C315B9D32EA572A7001FDCD4 /* Products */,
				C3AC76A22EA93A8900782CDF /* Frameworks */,
			);
			sourceTree = "<group>";
		};
		C315B9D32EA572A7001FDCD4 /* Products */ = {
			isa = PBXGroup;
			children = (
				C315B9D22EA572A7001FDCD4 /* ShopApp.app */,
				C315B9E22EA572AA001FDCD4 /* ShopAppTests.xctest */,
				C315B9EC2EA572AA001FDCD4 /* ShopAppUITests.xctest */,
			);
			name = Products;
			sourceTree = "<group>";
		};
		C315B9E52EA572AA001FDCD4 /* ShopAppTests */ = {
			isa = PBXGroup;
			children = (
				C315B9E62EA572AA001FDCD4 /* ShopAppTests.swift */,
				10C7FE9E2EC2663600F4AEDF /* ApiServerTest.swift */,
				10C7FEA02EC2669100F4AEDF /* MockURLProtocol.swift */,
			);
			path = ShopAppTests;
			sourceTree = "<group>";
		};
		C315B9EF2EA572AA001FDCD4 /* ShopAppUITests */ = {
			isa = PBXGroup;
			children = (
				C315B9F02EA572AA001FDCD4 /* ShopAppUITests.swift */,
				C315B9F22EA572AA001FDCD4 /* ShopAppUITestsLaunchTests.swift */,
			);
			path = ShopAppUITests;
			sourceTree = "<group>";
		};
		C315BA1A2EA573B4001FDCD4 /* ShopApp */ = {
			isa = PBXGroup;
			children = (
				C33547A22EA839350076D72C /* GoogleService-Info.plist */,
				C31218FA2EAAF139008456E4 /* Info.plist */,
				102103462EC539C500FF92F0 /* Preview Content */,
				102103442EC5381700FF92F0 /* Resources */,
				102103422EC537F600FF92F0 /* App */,
				C315BA442EA573D1001FDCD4 /* core */,
				C3131F3F2EA7CFC500F46CCA /* Features */,
			);
			path = ShopApp;
			sourceTree = "<group>";
		};
		C315BA342EA573D1001FDCD4 /* components */ = {
			isa = PBXGroup;
			children = (
				C33595EF2EA7DDCB00FBB43D /* CustomNetworkImage.swift */,
				C33595F12EA7DDCB00FBB43D /* StarRatingView.swift */,
				C3131F412EA7D16200F46CCA /* CustomTextFiled.swift */,
				C3131F432EA7D19200F46CCA /* customButton.swift */,
				C36097F72EA9CFF400225EA2 /* LoadingView.swift */,
				C36097F92EA9D20000225EA2 /* CustomViewAlert.swift */,
			);
			path = components;
			sourceTree = "<group>";
		};
		C315BA432EA573D1001FDCD4 /* utilits */ = {
			isa = PBXGroup;
			children = (
				C33595F72EA7E00400FBB43D /* ApiUrls.swift */,
				C33595F82EA7E00400FBB43D /* AppConstant.swift */,
				C33595F92EA7E00400FBB43D /* AppTextStyle.swift */,
				C33595FA2EA7E00400FBB43D /* CustomTextStyle.swift */,
				C33595FC2EA7E00400FBB43D /* HelperFuctions.swift */,
				C33595FD2EA7E00400FBB43D /* LocationHelper.swift */,
				C33596102EA7E70A00FBB43D /* AppColors.swift */,
				C33596122EA7E79400FBB43D /* AppString.swift */,
				C30E923D2EC2206B003EC610 /* Enums.swift */,
			);
			path = utilits;
			sourceTree = "<group>";
		};
		C315BA442EA573D1001FDCD4 /* core */ = {
			isa = PBXGroup;
			children = (
				C3F438082EC186B400300BBE /* AppViewModel */,
				C3EF8A052EA8743E00645178 /* Firebase */,
				C33596162EA7F19200FBB43D /* app_navigator */,
				C335960D2EA7E6AC00FBB43D /* extension */,
				C335960B2EA7E1C100FBB43D /* data */,
				C33595EC2EA7DDAD00FBB43D /* contract */,
				C315BA342EA573D1001FDCD4 /* components */,
				C315BA432EA573D1001FDCD4 /* utilits */,
			);
			path = core;
			sourceTree = "<group>";
		};
		C335479C2EA81BC80076D72C /* Model */ = {
			isa = PBXGroup;
			children = (
				C335479E2EA81FA40076D72C /* LoginResponse.swift */,
			);
			path = Model;
			sourceTree = "<group>";
		};
		C335479D2EA81BD10076D72C /* ViewModel */ = {
			isa = PBXGroup;
			children = (
				C33547A02EA820840076D72C /* RegisterViewModel.swift */,
				C36097F32EA9C3EE00225EA2 /* LoginViewModel.swift */,
			);
			path = ViewModel;
			sourceTree = "<group>";
		};
		C33595EC2EA7DDAD00FBB43D /* contract */ = {
			isa = PBXGroup;
			children = (
				C33595EB2EA7DDAD00FBB43D /* FetchDataProtocol.swift */,
			);
			path = contract;
			sourceTree = "<group>";
		};
		C335960B2EA7E1C100FBB43D /* data */ = {
			isa = PBXGroup;
			children = (
				C335960A2EA7E1C100FBB43D /* RemoteDataHelper.swift */,
				C31218FB2EAB6B9C008456E4 /* ApiServices.swift */,
				C331ECAB2EAD84E600B71CAA /* SwiftDataHelper.swift */,
			);
			path = data;
			sourceTree = "<group>";
		};
		C335960D2EA7E6AC00FBB43D /* extension */ = {
			isa = PBXGroup;
			children = (
				C33595FB2EA7E00400FBB43D /* Numeric.swift */,
				C335960E2EA7E6CE00FBB43D /* color_extension.swift */,
			);
			path = extension;
			sourceTree = "<group>";
		};
		C33596162EA7F19200FBB43D /* app_navigator */ = {
			isa = PBXGroup;
			children = (
				C33596172EA7F1A700FBB43D /* RootView.swift */,
				C33596192EA7F1F900FBB43D /* AppNavigator.swift */,
			);
			path = app_navigator;
			sourceTree = "<group>";
		};
		C335961B2EA7F9BF00FBB43D /* View */ = {
			isa = PBXGroup;
			children = (
				C3131F452EA7D1DA00F46CCA /* LoginScreen.swift */,
				C33596142EA7EF3800FBB43D /* RegisterScreen.swift */,
			);
			path = View;
			sourceTree = "<group>";
		};
		C340C0972EAF522F00A7056B /* MainTab */ = {
			isa = PBXGroup;
			children = (
				C340C0952EAF522F00A7056B /* MainTabView.swift */,
			);
			path = MainTab;
			sourceTree = "<group>";
		};
		C340C09A2EAF522F00A7056B /* ViewModel */ = {
			isa = PBXGroup;
			children = (
				C3119DC52EAF6F7900EC4F08 /* HomeViewModel.swift */,
			);
			path = ViewModel;
			sourceTree = "<group>";
		};
		C340C09B2EAF522F00A7056B /* MainScreen */ = {
			isa = PBXGroup;
			children = (
				C3119DC12EAF6B1500EC4F08 /* Home */,
				C340C0972EAF522F00A7056B /* MainTab */,
			);
			path = MainScreen;
			sourceTree = "<group>";
		};
		C35C05D32EB4D40400980A63 /* Payment */ = {
			isa = PBXGroup;
			children = (
				C35C05D12EB4D40400980A63 /* CheckoutView.swift */,
				C30B89432EC0D4FC00B190B8 /* PaymentModel.swift */,
			);
			path = Payment;
			sourceTree = "<group>";
		};
		C36A93AB2EAA59BC00E7C5EF /* Models */ = {
			isa = PBXGroup;
			children = (
				C36A93A82EAA59BC00E7C5EF /* AdItem.swift */,
				C36A93AA2EAA59BC00E7C5EF /* DiscountModel.swift */,
			);
			path = Models;
			sourceTree = "<group>";
		};
		C36A93AD2EAA59BC00E7C5EF /* ViewModels */ = {
			isa = PBXGroup;
			children = (
				C36A93AC2EAA59BC00E7C5EF /* CouponsViewModel.swift */,
			);
			path = ViewModels;
			sourceTree = "<group>";
		};
		C36A93AF2EAA59BC00E7C5EF /* Views */ = {
			isa = PBXGroup;
			children = (
				C36A93AE2EAA59BC00E7C5EF /* CouponsView.swift */,
			);
			path = Views;
			sourceTree = "<group>";
		};
		C36A93B02EAA59BC00E7C5EF /* Coupons */ = {
			isa = PBXGroup;
			children = (
				C36A93AB2EAA59BC00E7C5EF /* Models */,
				C36A93AD2EAA59BC00E7C5EF /* ViewModels */,
				C36A93AF2EAA59BC00E7C5EF /* Views */,
			);
			path = Coupons;
			sourceTree = "<group>";
		};
		C3AC76A22EA93A8900782CDF /* Frameworks */ = {
			isa = PBXGroup;
			children = (
			);
			name = Frameworks;
			sourceTree = "<group>";
		};
		C3EF8A052EA8743E00645178 /* Firebase */ = {
			isa = PBXGroup;
			children = (
				C3EF8A062EA8745500645178 /* FirebaseHelper.swift */,
			);
			path = Firebase;
			sourceTree = "<group>";
		};
		C3F438082EC186B400300BBE /* AppViewModel */ = {
			isa = PBXGroup;
			children = (
				C3F438092EC186CE00300BBE /* AppViewModel.swift */,
			);
			path = AppViewModel;
			sourceTree = "<group>";
		};
		C3F4383D2EC1B86000300BBE /* Model */ = {
			isa = PBXGroup;
			children = (
				C3F4383B2EC1B86000300BBE /* CurrencyManager.swift */,
				C3F4383C2EC1B86000300BBE /* CurrencyModel.swift */,
			);
			path = Model;
			sourceTree = "<group>";
		};
		C3F4383F2EC1B86000300BBE /* View */ = {
			isa = PBXGroup;
			children = (
				C3F4383E2EC1B86000300BBE /* CurrencyTestView.swift */,
			);
			path = View;
			sourceTree = "<group>";
		};
		C3F438402EC1B86000300BBE /* CurrencyConvertor */ = {
			isa = PBXGroup;
			children = (
				C3F4383D2EC1B86000300BBE /* Model */,
				C3F4383F2EC1B86000300BBE /* View */,
			);
			path = CurrencyConvertor;
			sourceTree = "<group>";
		};
		C3F4384B2EC1BA3E00300BBE /* Model */ = {
			isa = PBXGroup;
			children = (
				C3F438492EC1BA3E00300BBE /* CartManager.swift */,
				C3F4384A2EC1BA3E00300BBE /* ProductInCart.swift */,
			);
			path = Model;
			sourceTree = "<group>";
		};
		C3F4384D2EC1BA3E00300BBE /* View */ = {
			isa = PBXGroup;
			children = (
				C3F4384C2EC1BA3E00300BBE /* CartView.swift */,
			);
			path = View;
			sourceTree = "<group>";
		};
		C3F4384F2EC1BA3E00300BBE /* Cart */ = {
			isa = PBXGroup;
			children = (
				C3F4384B2EC1BA3E00300BBE /* Model */,
				C3F4384D2EC1BA3E00300BBE /* View */,
			);
			path = Cart;
			sourceTree = "<group>";
		};
/* End PBXGroup section */

/* Begin PBXNativeTarget section */
		C315B9D12EA572A7001FDCD4 /* ShopApp */ = {
			isa = PBXNativeTarget;
			buildConfigurationList = C315B9F62EA572AA001FDCD4 /* Build configuration list for PBXNativeTarget "ShopApp" */;
			buildPhases = (
				C315B9CE2EA572A7001FDCD4 /* Sources */,
				C315B9CF2EA572A7001FDCD4 /* Frameworks */,
				C315B9D02EA572A7001FDCD4 /* Resources */,
			);
			buildRules = (
			);
			dependencies = (
			);
			fileSystemSynchronizedGroups = (
				102103442EC5381700FF92F0 /* Resources */,
				102103472EC53B2100FF92F0 /* View */,
				102103482EC53B3900FF92F0 /* Model */,
				102103492EC53BAD00FF92F0 /* View */,
				1021034A2EC53BBA00FF92F0 /* Model */,
			);
			name = ShopApp;
			packageProductDependencies = (
				C33596082EA7E12500FBB43D /* Swinject */,
				C3AC76A32EA93A8900782CDF /* FirebaseAuth */,
				C344D0462EA95E390046D0F3 /* FirebaseFirestore */,
				C3F014A12EA9AEF9007DB0C0 /* FirebaseAnalyticsSwift */,
				C3F014A32EA9AF11007DB0C0 /* FirebaseAnalytics */,
				C3F438472EC1B9B900300BBE /* PayPalCheckout */,
			);
			productName = ShopApp;
			productReference = C315B9D22EA572A7001FDCD4 /* ShopApp.app */;
			productType = "com.apple.product-type.application";
		};
		C315B9E12EA572AA001FDCD4 /* ShopAppTests */ = {
			isa = PBXNativeTarget;
			buildConfigurationList = C315B9F92EA572AA001FDCD4 /* Build configuration list for PBXNativeTarget "ShopAppTests" */;
			buildPhases = (
				C315B9DE2EA572AA001FDCD4 /* Sources */,
				C315B9DF2EA572AA001FDCD4 /* Frameworks */,
				C315B9E02EA572AA001FDCD4 /* Resources */,
			);
			buildRules = (
			);
			dependencies = (
				C315B9E42EA572AA001FDCD4 /* PBXTargetDependency */,
			);
			name = ShopAppTests;
			productName = ShopAppTests;
			productReference = C315B9E22EA572AA001FDCD4 /* ShopAppTests.xctest */;
			productType = "com.apple.product-type.bundle.unit-test";
		};
		C315B9EB2EA572AA001FDCD4 /* ShopAppUITests */ = {
			isa = PBXNativeTarget;
			buildConfigurationList = C315B9FC2EA572AA001FDCD4 /* Build configuration list for PBXNativeTarget "ShopAppUITests" */;
			buildPhases = (
				C315B9E82EA572AA001FDCD4 /* Sources */,
				C315B9E92EA572AA001FDCD4 /* Frameworks */,
				C315B9EA2EA572AA001FDCD4 /* Resources */,
			);
			buildRules = (
			);
			dependencies = (
				C315B9EE2EA572AA001FDCD4 /* PBXTargetDependency */,
			);
			name = ShopAppUITests;
			productName = ShopAppUITests;
			productReference = C315B9EC2EA572AA001FDCD4 /* ShopAppUITests.xctest */;
			productType = "com.apple.product-type.bundle.ui-testing";
		};
/* End PBXNativeTarget section */

/* Begin PBXProject section */
		C315B9CA2EA572A6001FDCD4 /* Project object */ = {
			isa = PBXProject;
			attributes = {
				BuildIndependentTargetsInParallel = 1;
				LastSwiftUpdateCheck = 1540;
				LastUpgradeCheck = 1540;
				TargetAttributes = {
					C315B9D12EA572A7001FDCD4 = {
						CreatedOnToolsVersion = 15.4;
					};
					C315B9E12EA572AA001FDCD4 = {
						CreatedOnToolsVersion = 15.4;
						TestTargetID = C315B9D12EA572A7001FDCD4;
					};
					C315B9EB2EA572AA001FDCD4 = {
						CreatedOnToolsVersion = 15.4;
						TestTargetID = C315B9D12EA572A7001FDCD4;
					};
				};
			};
			buildConfigurationList = C315B9CD2EA572A6001FDCD4 /* Build configuration list for PBXProject "ShopApp" */;
			compatibilityVersion = "Xcode 14.0";
			developmentRegion = en;
			hasScannedForEncodings = 0;
			knownRegions = (
				en,
				Base,
			);
			mainGroup = C315B9C92EA572A6001FDCD4;
			packageReferences = (
				C33596062EA7E0BA00FBB43D /* XCRemoteSwiftPackageReference "Swinject" */,
				C3AC76A12EA9375C00782CDF /* XCRemoteSwiftPackageReference "firebase-ios-sdk" */,
				C3F438462EC1B9B900300BBE /* XCRemoteSwiftPackageReference "paypalcheckout-ios" */,
			);
			productRefGroup = C315B9D32EA572A7001FDCD4 /* Products */;
			projectDirPath = "";
			projectRoot = "";
			targets = (
				C315B9D12EA572A7001FDCD4 /* ShopApp */,
				C315B9E12EA572AA001FDCD4 /* ShopAppTests */,
				C315B9EB2EA572AA001FDCD4 /* ShopAppUITests */,
			);
		};
/* End PBXProject section */

/* Begin PBXResourcesBuildPhase section */
		C315B9D02EA572A7001FDCD4 /* Resources */ = {
			isa = PBXResourcesBuildPhase;
			buildActionMask = 2147483647;
			files = (
				C33595E22EA7DBD600FBB43D /* Preview Assets.xcassets in Resources */,
				C33547A32EA839350076D72C /* GoogleService-Info.plist in Resources */,
			);
			runOnlyForDeploymentPostprocessing = 0;
		};
		C315B9E02EA572AA001FDCD4 /* Resources */ = {
			isa = PBXResourcesBuildPhase;
			buildActionMask = 2147483647;
			files = (
			);
			runOnlyForDeploymentPostprocessing = 0;
		};
		C315B9EA2EA572AA001FDCD4 /* Resources */ = {
			isa = PBXResourcesBuildPhase;
			buildActionMask = 2147483647;
			files = (
			);
			runOnlyForDeploymentPostprocessing = 0;
		};
/* End PBXResourcesBuildPhase section */

/* Begin PBXSourcesBuildPhase section */
		C315B9CE2EA572A7001FDCD4 /* Sources */ = {
			isa = PBXSourcesBuildPhase;
			buildActionMask = 2147483647;
			files = (
				C3131F442EA7D19200F46CCA /* customButton.swift in Sources */,
				C3F438452EC1B88500300BBE /* AddressesViewModel.swift in Sources */,
				C3F4380A2EC186CF00300BBE /* AppViewModel.swift in Sources */,
				C335960F2EA7E6CE00FBB43D /* color_extension.swift in Sources */,
				C3131F462EA7D1DA00F46CCA /* LoginScreen.swift in Sources */,
				C33596022EA7E00400FBB43D /* CustomTextStyle.swift in Sources */,
				C30B89442EC0D4FC00B190B8 /* PaymentModel.swift in Sources */,
				C33596002EA7E00400FBB43D /* AppConstant.swift in Sources */,
				C33547A12EA820840076D72C /* RegisterViewModel.swift in Sources */,
				C331ECAC2EAD84E600B71CAA /* SwiftDataHelper.swift in Sources */,
				C30E923A2EC219C8003EC610 /* OrderStatus.swift in Sources */,
				C340C0AC2EAF522F00A7056B /* MainTabView.swift in Sources */,
				C33596182EA7F1A700FBB43D /* RootView.swift in Sources */,
				C3F438512EC1BA3E00300BBE /* ProductInCart.swift in Sources */,
				C3F438502EC1BA3E00300BBE /* CartManager.swift in Sources */,
				C311AAE12EB8515000C2AD80 /* SettingsViewModel.swift in Sources */,
				C36097F42EA9C3EE00225EA2 /* LoginViewModel.swift in Sources */,
				C33596032EA7E00400FBB43D /* Numeric.swift in Sources */,
				C33596052EA7E00400FBB43D /* LocationHelper.swift in Sources */,
				C33595F62EA7DDCB00FBB43D /* StarRatingView.swift in Sources */,
				C340C0A72EAF522F00A7056B /* BrandCollectionView.swift in Sources */,
				C33595FF2EA7E00400FBB43D /* ApiUrls.swift in Sources */,
				C33596042EA7E00400FBB43D /* HelperFuctions.swift in Sources */,
				C311AADE2EB8515000C2AD80 /* SettingsModel.swift in Sources */,
				C335479F2EA81FA40076D72C /* LoginResponse.swift in Sources */,
				C3F438432EC1B86000300BBE /* CurrencyTestView.swift in Sources */,
				C36A93B42EAA59BC00E7C5EF /* CouponsViewModel.swift in Sources */,
				C33596112EA7E70A00FBB43D /* AppColors.swift in Sources */,
				C36A93B12EAA59BC00E7C5EF /* AdItem.swift in Sources */,
				C340C0AA2EAF522F00A7056B /* HomeSearchBar.swift in Sources */,
				C340C0A92EAF522F00A7056B /* HomeHeaderView.swift in Sources */,
				C3119DC62EAF6F7900EC4F08 /* HomeViewModel.swift in Sources */,
				C33596132EA7E79400FBB43D /* AppString.swift in Sources */,
				C340C0A82EAF522F00A7056B /* BrandProductsView.swift in Sources */,
				C33595F42EA7DDCB00FBB43D /* CustomNetworkImage.swift in Sources */,
				C30E923E2EC2206B003EC610 /* Enums.swift in Sources */,
				C335961A2EA7F1F900FBB43D /* AppNavigator.swift in Sources */,
				C30E923C2EC219C8003EC610 /* OrderViewModel.swift in Sources */,
				C3F438522EC1BA3E00300BBE /* CartView.swift in Sources */,
				C36A93B32EAA59BC00E7C5EF /* DiscountModel.swift in Sources */,
				C340C0AB2EAF522F00A7056B /* HomeView.swift in Sources */,
				C36A93B52EAA59BC00E7C5EF /* CouponsView.swift in Sources */,
				C33595ED2EA7DDAD00FBB43D /* FetchDataProtocol.swift in Sources */,
				C311AADF2EB8515000C2AD80 /* SettingsView.swift in Sources */,
				C35C05D42EB4D40400980A63 /* CheckoutView.swift in Sources */,
				C30E923B2EC219C8003EC610 /* OrderView.swift in Sources */,
				C33596152EA7EF3800FBB43D /* RegisterScreen.swift in Sources */,
				C36097FA2EA9D20000225EA2 /* CustomViewAlert.swift in Sources */,
				C31218FC2EAB6B9C008456E4 /* ApiServices.swift in Sources */,
				C3EF8A072EA8745500645178 /* FirebaseHelper.swift in Sources */,
				C36097F82EA9CFF400225EA2 /* LoadingView.swift in Sources */,
				C3F438412EC1B86000300BBE /* CurrencyManager.swift in Sources */,
				C3F438422EC1B86000300BBE /* CurrencyModel.swift in Sources */,
				C335960C2EA7E1C100FBB43D /* RemoteDataHelper.swift in Sources */,
				C3131F422EA7D16200F46CCA /* CustomTextFiled.swift in Sources */,
				C33596012EA7E00400FBB43D /* AppTextStyle.swift in Sources */,
			);
			runOnlyForDeploymentPostprocessing = 0;
		};
		C315B9DE2EA572AA001FDCD4 /* Sources */ = {
			isa = PBXSourcesBuildPhase;
			buildActionMask = 2147483647;
			files = (
				10C7FE9F2EC2663600F4AEDF /* ApiServerTest.swift in Sources */,
				C315B9E72EA572AA001FDCD4 /* ShopAppTests.swift in Sources */,
				10C7FEA12EC2669100F4AEDF /* MockURLProtocol.swift in Sources */,
			);
			runOnlyForDeploymentPostprocessing = 0;
		};
		C315B9E82EA572AA001FDCD4 /* Sources */ = {
			isa = PBXSourcesBuildPhase;
			buildActionMask = 2147483647;
			files = (
				C315B9F32EA572AA001FDCD4 /* ShopAppUITestsLaunchTests.swift in Sources */,
				C315B9F12EA572AA001FDCD4 /* ShopAppUITests.swift in Sources */,
			);
			runOnlyForDeploymentPostprocessing = 0;
		};
/* End PBXSourcesBuildPhase section */

/* Begin PBXTargetDependency section */
		C315B9E42EA572AA001FDCD4 /* PBXTargetDependency */ = {
			isa = PBXTargetDependency;
			target = C315B9D12EA572A7001FDCD4 /* ShopApp */;
			targetProxy = C315B9E32EA572AA001FDCD4 /* PBXContainerItemProxy */;
		};
		C315B9EE2EA572AA001FDCD4 /* PBXTargetDependency */ = {
			isa = PBXTargetDependency;
			target = C315B9D12EA572A7001FDCD4 /* ShopApp */;
			targetProxy = C315B9ED2EA572AA001FDCD4 /* PBXContainerItemProxy */;
		};
/* End PBXTargetDependency section */

/* Begin XCBuildConfiguration section */
		C315B9F42EA572AA001FDCD4 /* Debug */ = {
			isa = XCBuildConfiguration;
			buildSettings = {
				ALWAYS_SEARCH_USER_PATHS = NO;
				ASSETCATALOG_COMPILER_GENERATE_SWIFT_ASSET_SYMBOL_EXTENSIONS = YES;
				CLANG_ANALYZER_NONNULL = YES;
				CLANG_ANALYZER_NUMBER_OBJECT_CONVERSION = YES_AGGRESSIVE;
				CLANG_CXX_LANGUAGE_STANDARD = "gnu++20";
				CLANG_ENABLE_MODULES = YES;
				CLANG_ENABLE_OBJC_ARC = YES;
				CLANG_ENABLE_OBJC_WEAK = YES;
				CLANG_WARN_BLOCK_CAPTURE_AUTORELEASING = YES;
				CLANG_WARN_BOOL_CONVERSION = YES;
				CLANG_WARN_COMMA = YES;
				CLANG_WARN_CONSTANT_CONVERSION = YES;
				CLANG_WARN_DEPRECATED_OBJC_IMPLEMENTATIONS = YES;
				CLANG_WARN_DIRECT_OBJC_ISA_USAGE = YES_ERROR;
				CLANG_WARN_DOCUMENTATION_COMMENTS = YES;
				CLANG_WARN_EMPTY_BODY = YES;
				CLANG_WARN_ENUM_CONVERSION = YES;
				CLANG_WARN_INFINITE_RECURSION = YES;
				CLANG_WARN_INT_CONVERSION = YES;
				CLANG_WARN_NON_LITERAL_NULL_CONVERSION = YES;
				CLANG_WARN_OBJC_IMPLICIT_RETAIN_SELF = YES;
				CLANG_WARN_OBJC_LITERAL_CONVERSION = YES;
				CLANG_WARN_OBJC_ROOT_CLASS = YES_ERROR;
				CLANG_WARN_QUOTED_INCLUDE_IN_FRAMEWORK_HEADER = YES;
				CLANG_WARN_RANGE_LOOP_ANALYSIS = YES;
				CLANG_WARN_STRICT_PROTOTYPES = YES;
				CLANG_WARN_SUSPICIOUS_MOVE = YES;
				CLANG_WARN_UNGUARDED_AVAILABILITY = YES_AGGRESSIVE;
				CLANG_WARN_UNREACHABLE_CODE = YES;
				CLANG_WARN__DUPLICATE_METHOD_MATCH = YES;
				COPY_PHASE_STRIP = NO;
				DEBUG_INFORMATION_FORMAT = dwarf;
				ENABLE_STRICT_OBJC_MSGSEND = YES;
				ENABLE_TESTABILITY = YES;
				ENABLE_USER_SCRIPT_SANDBOXING = YES;
				GCC_C_LANGUAGE_STANDARD = gnu17;
				GCC_DYNAMIC_NO_PIC = NO;
				GCC_NO_COMMON_BLOCKS = YES;
				GCC_OPTIMIZATION_LEVEL = 0;
				GCC_PREPROCESSOR_DEFINITIONS = (
					"DEBUG=1",
					"$(inherited)",
				);
				GCC_WARN_64_TO_32_BIT_CONVERSION = YES;
				GCC_WARN_ABOUT_RETURN_TYPE = YES_ERROR;
				GCC_WARN_UNDECLARED_SELECTOR = YES;
				GCC_WARN_UNINITIALIZED_AUTOS = YES_AGGRESSIVE;
				GCC_WARN_UNUSED_FUNCTION = YES;
				GCC_WARN_UNUSED_VARIABLE = YES;
				IPHONEOS_DEPLOYMENT_TARGET = 17.5;
				LOCALIZATION_PREFERS_STRING_CATALOGS = YES;
				MTL_ENABLE_DEBUG_INFO = INCLUDE_SOURCE;
				MTL_FAST_MATH = YES;
				ONLY_ACTIVE_ARCH = YES;
				SDKROOT = iphoneos;
				SWIFT_ACTIVE_COMPILATION_CONDITIONS = "DEBUG $(inherited)";
				SWIFT_OPTIMIZATION_LEVEL = "-Onone";
			};
			name = Debug;
		};
		C315B9F52EA572AA001FDCD4 /* Release */ = {
			isa = XCBuildConfiguration;
			buildSettings = {
				ALWAYS_SEARCH_USER_PATHS = NO;
				ASSETCATALOG_COMPILER_GENERATE_SWIFT_ASSET_SYMBOL_EXTENSIONS = YES;
				CLANG_ANALYZER_NONNULL = YES;
				CLANG_ANALYZER_NUMBER_OBJECT_CONVERSION = YES_AGGRESSIVE;
				CLANG_CXX_LANGUAGE_STANDARD = "gnu++20";
				CLANG_ENABLE_MODULES = YES;
				CLANG_ENABLE_OBJC_ARC = YES;
				CLANG_ENABLE_OBJC_WEAK = YES;
				CLANG_WARN_BLOCK_CAPTURE_AUTORELEASING = YES;
				CLANG_WARN_BOOL_CONVERSION = YES;
				CLANG_WARN_COMMA = YES;
				CLANG_WARN_CONSTANT_CONVERSION = YES;
				CLANG_WARN_DEPRECATED_OBJC_IMPLEMENTATIONS = YES;
				CLANG_WARN_DIRECT_OBJC_ISA_USAGE = YES_ERROR;
				CLANG_WARN_DOCUMENTATION_COMMENTS = YES;
				CLANG_WARN_EMPTY_BODY = YES;
				CLANG_WARN_ENUM_CONVERSION = YES;
				CLANG_WARN_INFINITE_RECURSION = YES;
				CLANG_WARN_INT_CONVERSION = YES;
				CLANG_WARN_NON_LITERAL_NULL_CONVERSION = YES;
				CLANG_WARN_OBJC_IMPLICIT_RETAIN_SELF = YES;
				CLANG_WARN_OBJC_LITERAL_CONVERSION = YES;
				CLANG_WARN_OBJC_ROOT_CLASS = YES_ERROR;
				CLANG_WARN_QUOTED_INCLUDE_IN_FRAMEWORK_HEADER = YES;
				CLANG_WARN_RANGE_LOOP_ANALYSIS = YES;
				CLANG_WARN_STRICT_PROTOTYPES = YES;
				CLANG_WARN_SUSPICIOUS_MOVE = YES;
				CLANG_WARN_UNGUARDED_AVAILABILITY = YES_AGGRESSIVE;
				CLANG_WARN_UNREACHABLE_CODE = YES;
				CLANG_WARN__DUPLICATE_METHOD_MATCH = YES;
				COPY_PHASE_STRIP = NO;
				DEBUG_INFORMATION_FORMAT = "dwarf-with-dsym";
				ENABLE_NS_ASSERTIONS = NO;
				ENABLE_STRICT_OBJC_MSGSEND = YES;
				ENABLE_USER_SCRIPT_SANDBOXING = YES;
				GCC_C_LANGUAGE_STANDARD = gnu17;
				GCC_NO_COMMON_BLOCKS = YES;
				GCC_WARN_64_TO_32_BIT_CONVERSION = YES;
				GCC_WARN_ABOUT_RETURN_TYPE = YES_ERROR;
				GCC_WARN_UNDECLARED_SELECTOR = YES;
				GCC_WARN_UNINITIALIZED_AUTOS = YES_AGGRESSIVE;
				GCC_WARN_UNUSED_FUNCTION = YES;
				GCC_WARN_UNUSED_VARIABLE = YES;
				IPHONEOS_DEPLOYMENT_TARGET = 17.5;
				LOCALIZATION_PREFERS_STRING_CATALOGS = YES;
				MTL_ENABLE_DEBUG_INFO = NO;
				MTL_FAST_MATH = YES;
				SDKROOT = iphoneos;
				SWIFT_COMPILATION_MODE = wholemodule;
				VALIDATE_PRODUCT = YES;
			};
			name = Release;
		};
		C315B9F72EA572AA001FDCD4 /* Debug */ = {
			isa = XCBuildConfiguration;
			buildSettings = {
				ASSETCATALOG_COMPILER_APPICON_NAME = AppIcon;
				ASSETCATALOG_COMPILER_GLOBAL_ACCENT_COLOR_NAME = AccentColor;
				ASSETCATALOG_COMPILER_INCLUDE_ALL_APPICON_ASSETS = YES;
				CODE_SIGN_IDENTITY = "Apple Development";
				CODE_SIGN_STYLE = Automatic;
				CURRENT_PROJECT_VERSION = 1;
				DEVELOPMENT_ASSET_PATHS = "\"ShopApp/Preview Content\"";
				DEVELOPMENT_TEAM = D2WK7TN5GS;
				ENABLE_PREVIEWS = YES;
				GENERATE_INFOPLIST_FILE = YES;
				INFOPLIST_FILE = ShopApp/Info.plist;
				INFOPLIST_KEY_CFBundleDisplayName = "";
				INFOPLIST_KEY_NSLocationWhenInUseUsageDescription = "This app needs your location to show nearby cities.";
				INFOPLIST_KEY_UIApplicationSceneManifest_Generation = YES;
				INFOPLIST_KEY_UIApplicationSupportsIndirectInputEvents = YES;
				INFOPLIST_KEY_UILaunchScreen_Generation = YES;
				INFOPLIST_KEY_UISupportedInterfaceOrientations_iPad = "UIInterfaceOrientationPortrait UIInterfaceOrientationPortraitUpsideDown UIInterfaceOrientationLandscapeLeft UIInterfaceOrientationLandscapeRight";
				INFOPLIST_KEY_UISupportedInterfaceOrientations_iPhone = "UIInterfaceOrientationPortrait UIInterfaceOrientationLandscapeLeft UIInterfaceOrientationLandscapeRight";
				LD_RUNPATH_SEARCH_PATHS = (
					"$(inherited)",
					"@executable_path/Frameworks",
				);
				MARKETING_VERSION = 1.0;
				PRODUCT_BUNDLE_IDENTIFIER = iti.com.ShopApp;
				PRODUCT_NAME = "$(TARGET_NAME)";
				SWIFT_EMIT_LOC_STRINGS = YES;
				SWIFT_VERSION = 5.0;
				TARGETED_DEVICE_FAMILY = "1,2";
			};
			name = Debug;
		};
		C315B9F82EA572AA001FDCD4 /* Release */ = {
			isa = XCBuildConfiguration;
			buildSettings = {
				ASSETCATALOG_COMPILER_APPICON_NAME = AppIcon;
				ASSETCATALOG_COMPILER_GLOBAL_ACCENT_COLOR_NAME = AccentColor;
				ASSETCATALOG_COMPILER_INCLUDE_ALL_APPICON_ASSETS = YES;
				CODE_SIGN_IDENTITY = "Apple Development";
				CODE_SIGN_STYLE = Automatic;
				CURRENT_PROJECT_VERSION = 1;
				DEVELOPMENT_ASSET_PATHS = "\"ShopApp/Preview Content\"";
				DEVELOPMENT_TEAM = D2WK7TN5GS;
				ENABLE_PREVIEWS = YES;
				GENERATE_INFOPLIST_FILE = YES;
				INFOPLIST_FILE = ShopApp/Info.plist;
				INFOPLIST_KEY_CFBundleDisplayName = "";
				INFOPLIST_KEY_NSLocationWhenInUseUsageDescription = "This app needs your location to show nearby cities.";
				INFOPLIST_KEY_UIApplicationSceneManifest_Generation = YES;
				INFOPLIST_KEY_UIApplicationSupportsIndirectInputEvents = YES;
				INFOPLIST_KEY_UILaunchScreen_Generation = YES;
				INFOPLIST_KEY_UISupportedInterfaceOrientations_iPad = "UIInterfaceOrientationPortrait UIInterfaceOrientationPortraitUpsideDown UIInterfaceOrientationLandscapeLeft UIInterfaceOrientationLandscapeRight";
				INFOPLIST_KEY_UISupportedInterfaceOrientations_iPhone = "UIInterfaceOrientationPortrait UIInterfaceOrientationLandscapeLeft UIInterfaceOrientationLandscapeRight";
				LD_RUNPATH_SEARCH_PATHS = (
					"$(inherited)",
					"@executable_path/Frameworks",
				);
				MARKETING_VERSION = 1.0;
				PRODUCT_BUNDLE_IDENTIFIER = iti.com.ShopApp;
				PRODUCT_NAME = "$(TARGET_NAME)";
				SWIFT_EMIT_LOC_STRINGS = YES;
				SWIFT_VERSION = 5.0;
				TARGETED_DEVICE_FAMILY = "1,2";
			};
			name = Release;
		};
		C315B9FA2EA572AA001FDCD4 /* Debug */ = {
			isa = XCBuildConfiguration;
			buildSettings = {
				ALWAYS_EMBED_SWIFT_STANDARD_LIBRARIES = YES;
				BUNDLE_LOADER = "$(TEST_HOST)";
				CODE_SIGN_STYLE = Automatic;
				CURRENT_PROJECT_VERSION = 1;
				GENERATE_INFOPLIST_FILE = YES;
				IPHONEOS_DEPLOYMENT_TARGET = 17.5;
				MARKETING_VERSION = 1.0;
				PRODUCT_BUNDLE_IDENTIFIER = iti.com.ShopAppTests;
				PRODUCT_NAME = "$(TARGET_NAME)";
				SWIFT_EMIT_LOC_STRINGS = NO;
				SWIFT_VERSION = 5.0;
				TARGETED_DEVICE_FAMILY = "1,2";
				TEST_HOST = "$(BUILT_PRODUCTS_DIR)/ShopApp.app/$(BUNDLE_EXECUTABLE_FOLDER_PATH)/ShopApp";
			};
			name = Debug;
		};
		C315B9FB2EA572AA001FDCD4 /* Release */ = {
			isa = XCBuildConfiguration;
			buildSettings = {
				ALWAYS_EMBED_SWIFT_STANDARD_LIBRARIES = YES;
				BUNDLE_LOADER = "$(TEST_HOST)";
				CODE_SIGN_STYLE = Automatic;
				CURRENT_PROJECT_VERSION = 1;
				GENERATE_INFOPLIST_FILE = YES;
				IPHONEOS_DEPLOYMENT_TARGET = 17.5;
				MARKETING_VERSION = 1.0;
				PRODUCT_BUNDLE_IDENTIFIER = iti.com.ShopAppTests;
				PRODUCT_NAME = "$(TARGET_NAME)";
				SWIFT_EMIT_LOC_STRINGS = NO;
				SWIFT_VERSION = 5.0;
				TARGETED_DEVICE_FAMILY = "1,2";
				TEST_HOST = "$(BUILT_PRODUCTS_DIR)/ShopApp.app/$(BUNDLE_EXECUTABLE_FOLDER_PATH)/ShopApp";
			};
			name = Release;
		};
		C315B9FD2EA572AA001FDCD4 /* Debug */ = {
			isa = XCBuildConfiguration;
			buildSettings = {
				ALWAYS_EMBED_SWIFT_STANDARD_LIBRARIES = YES;
				CODE_SIGN_STYLE = Automatic;
				CURRENT_PROJECT_VERSION = 1;
				GENERATE_INFOPLIST_FILE = YES;
				MARKETING_VERSION = 1.0;
				PRODUCT_BUNDLE_IDENTIFIER = iti.com.ShopAppUITests;
				PRODUCT_NAME = "$(TARGET_NAME)";
				SWIFT_EMIT_LOC_STRINGS = NO;
				SWIFT_VERSION = 5.0;
				TARGETED_DEVICE_FAMILY = "1,2";
				TEST_TARGET_NAME = ShopApp;
			};
			name = Debug;
		};
		C315B9FE2EA572AA001FDCD4 /* Release */ = {
			isa = XCBuildConfiguration;
			buildSettings = {
				ALWAYS_EMBED_SWIFT_STANDARD_LIBRARIES = YES;
				CODE_SIGN_STYLE = Automatic;
				CURRENT_PROJECT_VERSION = 1;
				GENERATE_INFOPLIST_FILE = YES;
				MARKETING_VERSION = 1.0;
				PRODUCT_BUNDLE_IDENTIFIER = iti.com.ShopAppUITests;
				PRODUCT_NAME = "$(TARGET_NAME)";
				SWIFT_EMIT_LOC_STRINGS = NO;
				SWIFT_VERSION = 5.0;
				TARGETED_DEVICE_FAMILY = "1,2";
				TEST_TARGET_NAME = ShopApp;
			};
			name = Release;
		};
/* End XCBuildConfiguration section */

/* Begin XCConfigurationList section */
		C315B9CD2EA572A6001FDCD4 /* Build configuration list for PBXProject "ShopApp" */ = {
			isa = XCConfigurationList;
			buildConfigurations = (
				C315B9F42EA572AA001FDCD4 /* Debug */,
				C315B9F52EA572AA001FDCD4 /* Release */,
			);
			defaultConfigurationIsVisible = 0;
			defaultConfigurationName = Release;
		};
		C315B9F62EA572AA001FDCD4 /* Build configuration list for PBXNativeTarget "ShopApp" */ = {
			isa = XCConfigurationList;
			buildConfigurations = (
				C315B9F72EA572AA001FDCD4 /* Debug */,
				C315B9F82EA572AA001FDCD4 /* Release */,
			);
			defaultConfigurationIsVisible = 0;
			defaultConfigurationName = Release;
		};
		C315B9F92EA572AA001FDCD4 /* Build configuration list for PBXNativeTarget "ShopAppTests" */ = {
			isa = XCConfigurationList;
			buildConfigurations = (
				C315B9FA2EA572AA001FDCD4 /* Debug */,
				C315B9FB2EA572AA001FDCD4 /* Release */,
			);
			defaultConfigurationIsVisible = 0;
			defaultConfigurationName = Release;
		};
		C315B9FC2EA572AA001FDCD4 /* Build configuration list for PBXNativeTarget "ShopAppUITests" */ = {
			isa = XCConfigurationList;
			buildConfigurations = (
				C315B9FD2EA572AA001FDCD4 /* Debug */,
				C315B9FE2EA572AA001FDCD4 /* Release */,
			);
			defaultConfigurationIsVisible = 0;
			defaultConfigurationName = Release;
		};
/* End XCConfigurationList section */

/* Begin XCRemoteSwiftPackageReference section */
		C33596062EA7E0BA00FBB43D /* XCRemoteSwiftPackageReference "Swinject" */ = {
			isa = XCRemoteSwiftPackageReference;
			repositoryURL = "https://github.com/Swinject/Swinject.git";
			requirement = {
				kind = upToNextMajorVersion;
				minimumVersion = 2.9.1;
			};
		};
		C3AC76A12EA9375C00782CDF /* XCRemoteSwiftPackageReference "firebase-ios-sdk" */ = {
			isa = XCRemoteSwiftPackageReference;
			repositoryURL = "https://github.com/firebase/firebase-ios-sdk";
			requirement = {
				kind = upToNextMajorVersion;
				minimumVersion = 10.4.0;
			};
		};
		C3F438462EC1B9B900300BBE /* XCRemoteSwiftPackageReference "paypalcheckout-ios" */ = {
			isa = XCRemoteSwiftPackageReference;
			repositoryURL = "https://github.com/paypal/paypalcheckout-ios.git";
			requirement = {
				kind = upToNextMajorVersion;
				minimumVersion = 1.3.0;
			};
		};
/* End XCRemoteSwiftPackageReference section */

/* Begin XCSwiftPackageProductDependency section */
		C33596082EA7E12500FBB43D /* Swinject */ = {
			isa = XCSwiftPackageProductDependency;
			package = C33596062EA7E0BA00FBB43D /* XCRemoteSwiftPackageReference "Swinject" */;
			productName = Swinject;
		};
		C344D0462EA95E390046D0F3 /* FirebaseFirestore */ = {
			isa = XCSwiftPackageProductDependency;
			package = C3AC76A12EA9375C00782CDF /* XCRemoteSwiftPackageReference "firebase-ios-sdk" */;
			productName = FirebaseFirestore;
		};
		C3AC76A32EA93A8900782CDF /* FirebaseAuth */ = {
			isa = XCSwiftPackageProductDependency;
			package = C3AC76A12EA9375C00782CDF /* XCRemoteSwiftPackageReference "firebase-ios-sdk" */;
			productName = FirebaseAuth;
		};
		C3F014A12EA9AEF9007DB0C0 /* FirebaseAnalyticsSwift */ = {
			isa = XCSwiftPackageProductDependency;
			package = C3AC76A12EA9375C00782CDF /* XCRemoteSwiftPackageReference "firebase-ios-sdk" */;
			productName = FirebaseAnalyticsSwift;
		};
		C3F014A32EA9AF11007DB0C0 /* FirebaseAnalytics */ = {
			isa = XCSwiftPackageProductDependency;
			package = C3AC76A12EA9375C00782CDF /* XCRemoteSwiftPackageReference "firebase-ios-sdk" */;
			productName = FirebaseAnalytics;
		};
		C3F438472EC1B9B900300BBE /* PayPalCheckout */ = {
			isa = XCSwiftPackageProductDependency;
			package = C3F438462EC1B9B900300BBE /* XCRemoteSwiftPackageReference "paypalcheckout-ios" */;
			productName = PayPalCheckout;
		};
/* End XCSwiftPackageProductDependency section */
	};
	rootObject = C315B9CA2EA572A6001FDCD4 /* Project object */;
}
